PODS:
  - AFNetworking (1.3.3)
  - AsyncImageView (1.5.1)
  - BookShelf (1.0.0)
  - CKRefreshControl (1.1.1)
  - CustomBadge (2.0)
  - FMDB (2.2):
    - FMDB/standard
  - FMDB/common (2.2)
  - FMDB/standard (2.2):
    - FMDB/common
  - GVUserDefaults (0.9.4)
  - MBProgressHUD (0.8)
  - MSNavigationPaneViewController (0.2.0):
    - PRTween (~> 0.0.1)
  - PRTween (0.0.1)
  - Reveal-iOS-SDK (1.0.3)
  - ViewDeck (2.2.11)
  - WEPopover (0.0.1)

DEPENDENCIES:
  - AFNetworking (~> 1.3.2)
  - AsyncImageView (~> 1.4)
  - BookShelf (from `https://github.com/ultragtx/GSBookShelf.git`)
  - CKRefreshControl (~> 1.1.0)
  - CustomBadge (~> 2.0)
  - FMDB (~> 2.1)
  - GVUserDefaults (~> 0.9.0)
  - MBProgressHUD (~> 0.6)
  - MSNavigationPaneViewController (~> 0.2.0)
  - Reveal-iOS-SDK (~> 1.0.3)
  - ViewDeck (~> 2.2.11)
  - WEPopover (~> 0.0.1)

EXTERNAL SOURCES:
  BookShelf:
    :git: https://github.com/ultragtx/GSBookShelf.git

SPEC CHECKSUMS:
  AFNetworking: 61fdd49e2ffe6380378df37b3b6e70630bb9dd66
  AsyncImageView: 686febb2b2a923353ede67c529d257498059852d
  BookShelf: 61b907d7708f386dcd253082753b0446cc83b830
  CKRefreshControl: 1811aea0153ff33b362ed7a17291ac80e5e09ded
  CustomBadge: 9425684f213a1364032cb7e7317e1fa36cc843c0
  FMDB: e0dd09464b4e1a1cd7fa51ea835ae821b5656865
  GVUserDefaults: 50dbc9e24ab41b0c24bda7af8b5944ad0413dd2a
  MBProgressHUD: 2bbc6f470111daf7f3eaa4eb12b8cbf01c4c0622
  MSNavigationPaneViewController: 1c03c119bd36d79dd70de2b04cd69b660d13c912
  PRTween: a4b4c6a6fe52534b7efabd8ff5a003466d4fa470
  Reveal-iOS-SDK: 8e6a6f22a9520437e4a180fe1d4e99f43b75430e
  ViewDeck: b5eddc8559b0e47259ab7addbf2de6768061f139
  WEPopover: 3b7e98a843d1011d0658e83d005f37de78806770

COCOAPODS: 0.29.0
