// !$*UTF8*$!
{
	archiveVersion = 1;
	classes = {
	};
	objectVersion = 46;
	objects = {

/* Begin PBXBuildFile section */
		B40B3C8E178D43AF000A8C6A /* airplay.png in Resources */ = {isa = PBXBuildFile; fileRef = B40B3C8C178D43AF000A8C6A /* airplay.png */; };
		B40B3C8F178D43AF000A8C6A /* airplay@2x.png in Resources */ = {isa = PBXBuildFile; fileRef = B40B3C8D178D43AF000A8C6A /* airplay@2x.png */; };
		B40B3C92178E574E000A8C6A /* WindowSelectViewController.m in Sources */ = {isa = PBXBuildFile; fileRef = B40B3C91178E574E000A8C6A /* WindowSelectViewController.m */; };
		B40B3C97178E642E000A8C6A /* RemoteControlViewController.m in Sources */ = {isa = PBXBuildFile; fileRef = B40B3C95178E642E000A8C6A /* RemoteControlViewController.m */; };
		B40B3C98178E642E000A8C6A /* RemoteControlViewController.xib in Resources */ = {isa = PBXBuildFile; fileRef = B40B3C96178E642E000A8C6A /* RemoteControlViewController.xib */; };
		B41AD9521779C9C0005F455E /* BookInfoViewController.m in Sources */ = {isa = PBXBuildFile; fileRef = B41AD9501779C9C0005F455E /* BookInfoViewController.m */; };
		B41AD9561779CE07005F455E /* URLUtils.m in Sources */ = {isa = PBXBuildFile; fileRef = B41AD9551779CE07005F455E /* URLUtils.m */; };
		B431887617953759007E84DF /* DownloadManager.m in Sources */ = {isa = PBXBuildFile; fileRef = B431887517953759007E84DF /* DownloadManager.m */; };
		B431888A17955D32007E84DF /* libPods-xiaoshuoyuedu.a in Frameworks */ = {isa = PBXBuildFile; fileRef = B431888917955D32007E84DF /* libPods-xiaoshuoyuedu.a */; };
		B43CC7121780265A009BFA2E /* BelowBottomView.m in Sources */ = {isa = PBXBuildFile; fileRef = B43CC70B1780265A009BFA2E /* BelowBottomView.m */; };
		B43CC7131780265A009BFA2E /* BookShelfCellView.m in Sources */ = {isa = PBXBuildFile; fileRef = B43CC70D1780265A009BFA2E /* BookShelfCellView.m */; };
		B43CC72E178026E1009BFA2E /* NavBar-Landscape@2x~iphone.png in Resources */ = {isa = PBXBuildFile; fileRef = B43CC717178026E1009BFA2E /* NavBar-Landscape@2x~iphone.png */; };
		B43CC72F178026E1009BFA2E /* NavBar-Landscape~iphone.png in Resources */ = {isa = PBXBuildFile; fileRef = B43CC718178026E1009BFA2E /* NavBar-Landscape~iphone.png */; };
		B43CC730178026E1009BFA2E /* NavBar@2x~ipad.png in Resources */ = {isa = PBXBuildFile; fileRef = B43CC719178026E1009BFA2E /* NavBar@2x~ipad.png */; };
		B43CC731178026E1009BFA2E /* NavBar@2x~iphone.png in Resources */ = {isa = PBXBuildFile; fileRef = B43CC71A178026E1009BFA2E /* NavBar@2x~iphone.png */; };
		B43CC732178026E1009BFA2E /* NavBar~ipad.png in Resources */ = {isa = PBXBuildFile; fileRef = B43CC71B178026E1009BFA2E /* NavBar~ipad.png */; };
		B43CC733178026E1009BFA2E /* NavBar~iphone.png in Resources */ = {isa = PBXBuildFile; fileRef = B43CC71C178026E1009BFA2E /* NavBar~iphone.png */; };
		B43CC734178026E1009BFA2E /* Shelf-Landscape-568h@2x~iphone.png in Resources */ = {isa = PBXBuildFile; fileRef = B43CC71D178026E1009BFA2E /* Shelf-Landscape-568h@2x~iphone.png */; };
		B43CC735178026E1009BFA2E /* Shelf-Landscape@2x~ipad.png in Resources */ = {isa = PBXBuildFile; fileRef = B43CC71E178026E1009BFA2E /* Shelf-Landscape@2x~ipad.png */; };
		B43CC736178026E1009BFA2E /* Shelf-Landscape@2x~iphone.png in Resources */ = {isa = PBXBuildFile; fileRef = B43CC71F178026E1009BFA2E /* Shelf-Landscape@2x~iphone.png */; };
		B43CC737178026E1009BFA2E /* Shelf-Landscape~ipad.png in Resources */ = {isa = PBXBuildFile; fileRef = B43CC720178026E1009BFA2E /* Shelf-Landscape~ipad.png */; };
		B43CC738178026E1009BFA2E /* Shelf-Landscape~iphone.png in Resources */ = {isa = PBXBuildFile; fileRef = B43CC721178026E1009BFA2E /* Shelf-Landscape~iphone.png */; };
		B43CC739178026E1009BFA2E /* Shelf@2x~ipad.png in Resources */ = {isa = PBXBuildFile; fileRef = B43CC722178026E1009BFA2E /* Shelf@2x~ipad.png */; };
		B43CC73A178026E1009BFA2E /* Shelf@2x~iphone.png in Resources */ = {isa = PBXBuildFile; fileRef = B43CC723178026E1009BFA2E /* Shelf@2x~iphone.png */; };
		B43CC73B178026E1009BFA2E /* Shelf~ipad.png in Resources */ = {isa = PBXBuildFile; fileRef = B43CC724178026E1009BFA2E /* Shelf~ipad.png */; };
		B43CC73C178026E1009BFA2E /* Shelf~iphone.png in Resources */ = {isa = PBXBuildFile; fileRef = B43CC725178026E1009BFA2E /* Shelf~iphone.png */; };
		B43CC73D178026E1009BFA2E /* Side Shading-iPad.png in Resources */ = {isa = PBXBuildFile; fileRef = B43CC726178026E1009BFA2E /* Side Shading-iPad.png */; };
		B43CC73E178026E1009BFA2E /* Side Shading-iPad@2x.png in Resources */ = {isa = PBXBuildFile; fileRef = B43CC727178026E1009BFA2E /* Side Shading-iPad@2x.png */; };
		B43CC73F178026E1009BFA2E /* Side Shading-iPhone.png in Resources */ = {isa = PBXBuildFile; fileRef = B43CC728178026E1009BFA2E /* Side Shading-iPhone.png */; };
		B43CC740178026E1009BFA2E /* Side Shading-iPhone@2x.png in Resources */ = {isa = PBXBuildFile; fileRef = B43CC729178026E1009BFA2E /* Side Shading-iPhone@2x.png */; };
		B43CC741178026E1009BFA2E /* topshelf side shading-iPhone.png in Resources */ = {isa = PBXBuildFile; fileRef = B43CC72A178026E1009BFA2E /* topshelf side shading-iPhone.png */; };
		B43CC742178026E1009BFA2E /* topshelf side shading-iPhone@2x.png in Resources */ = {isa = PBXBuildFile; fileRef = B43CC72B178026E1009BFA2E /* topshelf side shading-iPhone@2x.png */; };
		B43CC749178026E9009BFA2E /* BookShelfCell.png in Resources */ = {isa = PBXBuildFile; fileRef = B43CC745178026E9009BFA2E /* BookShelfCell.png */; };
		B43CC74A178026E9009BFA2E /* BookShelfCell@2x.png in Resources */ = {isa = PBXBuildFile; fileRef = B43CC746178026E9009BFA2E /* BookShelfCell@2x.png */; };
		B43CC75417802801009BFA2E /* BookView.m in Sources */ = {isa = PBXBuildFile; fileRef = B43CC75117802800009BFA2E /* BookView.m */; };
		B43CC77717806C09009BFA2E /* placeholder.png in Resources */ = {isa = PBXBuildFile; fileRef = B43CC77517806BD3009BFA2E /* placeholder.png */; };
		B43CC77B1780714A009BFA2E /* topshelf side shading-iPad.png in Resources */ = {isa = PBXBuildFile; fileRef = B43CC77917807147009BFA2E /* topshelf side shading-iPad.png */; };
		B43CC77C1780714A009BFA2E /* topshelf side shading-iPad@2x.png in Resources */ = {isa = PBXBuildFile; fileRef = B43CC77A17807149009BFA2E /* topshelf side shading-iPad@2x.png */; };
		B43CC7811780759C009BFA2E /* shelf_delete.png in Resources */ = {isa = PBXBuildFile; fileRef = B43CC77F1780759A009BFA2E /* shelf_delete.png */; };
		B43CC7821780759C009BFA2E /* shelf_delete@2x.png in Resources */ = {isa = PBXBuildFile; fileRef = B43CC7801780759B009BFA2E /* shelf_delete@2x.png */; };
		B4466B07178432BF0077A1A6 /* ToC.png in Resources */ = {isa = PBXBuildFile; fileRef = B4466B03178432BF0077A1A6 /* ToC.png */; };
		B4466B08178432BF0077A1A6 /* ToC@2x.png in Resources */ = {isa = PBXBuildFile; fileRef = B4466B04178432BF0077A1A6 /* ToC@2x.png */; };
		B4466B09178432BF0077A1A6 /* UISliderBrown.png in Resources */ = {isa = PBXBuildFile; fileRef = B4466B05178432BF0077A1A6 /* UISliderBrown.png */; };
		B4466B0A178432BF0077A1A6 /* UISliderBrown@2x.png in Resources */ = {isa = PBXBuildFile; fileRef = B4466B06178432BF0077A1A6 /* UISliderBrown@2x.png */; };
		B454F027178176EF0026C113 /* Default-568h@2x~iphone.png in Resources */ = {isa = PBXBuildFile; fileRef = B454F020178176EF0026C113 /* Default-568h@2x~iphone.png */; };
		B454F028178176EF0026C113 /* Default-Landscape.png in Resources */ = {isa = PBXBuildFile; fileRef = B454F021178176EF0026C113 /* Default-Landscape.png */; };
		B454F029178176EF0026C113 /* Default-Landscape@2x.png in Resources */ = {isa = PBXBuildFile; fileRef = B454F022178176EF0026C113 /* Default-Landscape@2x.png */; };
		B454F02A178176EF0026C113 /* Default.png in Resources */ = {isa = PBXBuildFile; fileRef = B454F023178176EF0026C113 /* Default.png */; };
		B454F02B178176EF0026C113 /* Default@2x.png in Resources */ = {isa = PBXBuildFile; fileRef = B454F024178176EF0026C113 /* Default@2x.png */; };
		B454F02C178176EF0026C113 /* Default@2x~iphone.png in Resources */ = {isa = PBXBuildFile; fileRef = B454F025178176EF0026C113 /* Default@2x~iphone.png */; };
		B454F02D178176EF0026C113 /* Default~iphone.png in Resources */ = {isa = PBXBuildFile; fileRef = B454F026178176EF0026C113 /* Default~iphone.png */; };
		B4589451178AA730004A5495 /* JSONRequestTableViewController.m in Sources */ = {isa = PBXBuildFile; fileRef = B4589450178AA730004A5495 /* JSONRequestTableViewController.m */; };
		B4589457178BEBDE004A5495 /* Crashlytics.framework in Frameworks */ = {isa = PBXBuildFile; fileRef = B4589456178BEBDE004A5495 /* Crashlytics.framework */; };
		B458945E178BFE73004A5495 /* AboutViewController.xib in Resources */ = {isa = PBXBuildFile; fileRef = B4589459178BFE73004A5495 /* AboutViewController.xib */; };
		B458945F178BFE73004A5495 /* BookInfoViewController.xib in Resources */ = {isa = PBXBuildFile; fileRef = B458945A178BFE73004A5495 /* BookInfoViewController.xib */; };
		B4589460178BFE73004A5495 /* FontMenuViewController.xib in Resources */ = {isa = PBXBuildFile; fileRef = B458945B178BFE73004A5495 /* FontMenuViewController.xib */; };
		B4589461178BFE73004A5495 /* SearchBookViewController.xib in Resources */ = {isa = PBXBuildFile; fileRef = B458945C178BFE73004A5495 /* SearchBookViewController.xib */; };
		B4589462178BFE73004A5495 /* SectionReaderTableViewCell.xib in Resources */ = {isa = PBXBuildFile; fileRef = B458945D178BFE73004A5495 /* SectionReaderTableViewCell.xib */; };
		B4589466178BFF2A004A5495 /* SectionReaderTableViewCell.m in Sources */ = {isa = PBXBuildFile; fileRef = B4589465178BFF2A004A5495 /* SectionReaderTableViewCell.m */; };
		B46213A217A8F3D800B8A9DF /* YLLabel.m in Sources */ = {isa = PBXBuildFile; fileRef = B46213A117A8F3D800B8A9DF /* YLLabel.m */; };
		B46213AE17AB45AE00B8A9DF /* Localizable.strings in Resources */ = {isa = PBXBuildFile; fileRef = B46213AC17AB45AE00B8A9DF /* Localizable.strings */; };
		B46213BC17AB4A2600B8A9DF /* InfoPlist.strings in Resources */ = {isa = PBXBuildFile; fileRef = B46213B417AB4A2600B8A9DF /* InfoPlist.strings */; };
		B46213BD17AB4A2600B8A9DF /* Localizable.strings in Resources */ = {isa = PBXBuildFile; fileRef = B46213B617AB4A2600B8A9DF /* Localizable.strings */; };
		B46213C117AB4A4500B8A9DF /* Localizable.strings in Resources */ = {isa = PBXBuildFile; fileRef = B46213BF17AB4A4500B8A9DF /* Localizable.strings */; };
		B46213CC17AB4DAA00B8A9DF /* xiaoshuoyuedu-Info.plist in Resources */ = {isa = PBXBuildFile; fileRef = B46213CB17AB4DAA00B8A9DF /* xiaoshuoyuedu-Info.plist */; };
		B46213CF17AB4DC500B8A9DF /* InfoPlist.strings in Resources */ = {isa = PBXBuildFile; fileRef = B46213CD17AB4DC500B8A9DF /* InfoPlist.strings */; };
		B46213DF17AB4EAF00B8A9DF /* InfoPlist.strings in Resources */ = {isa = PBXBuildFile; fileRef = B46213DB17AB4EAF00B8A9DF /* InfoPlist.strings */; };
		B46213E017AB4EAF00B8A9DF /* Localizable.strings in Resources */ = {isa = PBXBuildFile; fileRef = B46213DD17AB4EAF00B8A9DF /* Localizable.strings */; };
		B46EC4E4177C6B3400C6873B /* CategoryViewController.m in Sources */ = {isa = PBXBuildFile; fileRef = B46EC4E2177C6B3400C6873B /* CategoryViewController.m */; };
		B46EC4E8177C6EA800C6873B /* CategoryResultViewController.m in Sources */ = {isa = PBXBuildFile; fileRef = B46EC4E7177C6EA800C6873B /* CategoryResultViewController.m */; };
		B46EC4F0177EBA4900C6873B /* MSReaderViewController.m in Sources */ = {isa = PBXBuildFile; fileRef = B46EC4EF177EBA4700C6873B /* MSReaderViewController.m */; };
		B46EC4F3177EC70500C6873B /* SectionReaderTableViewController.m in Sources */ = {isa = PBXBuildFile; fileRef = B46EC4F2177EC70300C6873B /* SectionReaderTableViewController.m */; };
		B46EC4F9177ED1EF00C6873B /* FontUtils.m in Sources */ = {isa = PBXBuildFile; fileRef = B46EC4F8177ED1EF00C6873B /* FontUtils.m */; };
		B46EC4FC177ED23900C6873B /* CoreText.framework in Frameworks */ = {isa = PBXBuildFile; fileRef = B46EC4FA177ED22600C6873B /* CoreText.framework */; };
		B46EC525177FBC7000C6873B /* checkmark.png in Resources */ = {isa = PBXBuildFile; fileRef = B46EC524177FBC7000C6873B /* checkmark.png */; };
		B46EC527177FBD1E00C6873B /* sync.png in Resources */ = {isa = PBXBuildFile; fileRef = B46EC526177FBD1E00C6873B /* sync.png */; };
		B46EC52E177FED6100C6873B /* Icon.png in Resources */ = {isa = PBXBuildFile; fileRef = B46EC52C177FED6000C6873B /* Icon.png */; };
		B46EC52F177FED6100C6873B /* Icon@2x.png in Resources */ = {isa = PBXBuildFile; fileRef = B46EC52D177FED6100C6873B /* Icon@2x.png */; };
		B46EC532177FFC8200C6873B /* navigation_bar_bg.png in Resources */ = {isa = PBXBuildFile; fileRef = B46EC530177FFC8200C6873B /* navigation_bar_bg.png */; };
		B46EC533177FFC8200C6873B /* navigation_bar_bg@2x.png in Resources */ = {isa = PBXBuildFile; fileRef = B46EC531177FFC8200C6873B /* navigation_bar_bg@2x.png */; };
		B46EC5361780034C00C6873B /* bookshelf_update.png in Resources */ = {isa = PBXBuildFile; fileRef = B46EC5341780034C00C6873B /* bookshelf_update.png */; };
		B46EC5371780034C00C6873B /* bookshelf_update@2x.png in Resources */ = {isa = PBXBuildFile; fileRef = B46EC5351780034C00C6873B /* bookshelf_update@2x.png */; };
		B46EC53C178006AA00C6873B /* bookshelf_edit.png in Resources */ = {isa = PBXBuildFile; fileRef = B46EC538178006AA00C6873B /* bookshelf_edit.png */; };
		B46EC53D178006AA00C6873B /* bookshelf_edit@2x.png in Resources */ = {isa = PBXBuildFile; fileRef = B46EC539178006AA00C6873B /* bookshelf_edit@2x.png */; };
		B46EC53E178006AA00C6873B /* bookshelf_ok.png in Resources */ = {isa = PBXBuildFile; fileRef = B46EC53A178006AA00C6873B /* bookshelf_ok.png */; };
		B46EC53F178006AA00C6873B /* bookshelf_ok@2x.png in Resources */ = {isa = PBXBuildFile; fileRef = B46EC53B178006AA00C6873B /* bookshelf_ok@2x.png */; };
		B47E103E1781B6D5009DF30B /* checkmark-current.png in Resources */ = {isa = PBXBuildFile; fileRef = B47E103D1781B6D5009DF30B /* checkmark-current.png */; };
		B47E10461781CA6B009DF30B /* WoodTile@2x~ipad.png in Resources */ = {isa = PBXBuildFile; fileRef = B47E10421781CA6B009DF30B /* WoodTile@2x~ipad.png */; };
		B47E10471781CA6B009DF30B /* WoodTile@2x~iphone.png in Resources */ = {isa = PBXBuildFile; fileRef = B47E10431781CA6B009DF30B /* WoodTile@2x~iphone.png */; };
		B47E10481781CA6B009DF30B /* WoodTile~ipad.png in Resources */ = {isa = PBXBuildFile; fileRef = B47E10441781CA6B009DF30B /* WoodTile~ipad.png */; };
		B47E10491781CA6B009DF30B /* WoodTile~iphone.png in Resources */ = {isa = PBXBuildFile; fileRef = B47E10451781CA6B009DF30B /* WoodTile~iphone.png */; };
		B47E105717880091009DF30B /* btn_style1.png in Resources */ = {isa = PBXBuildFile; fileRef = B47E104B17880091009DF30B /* btn_style1.png */; };
		B47E105917880091009DF30B /* btn_style2.png in Resources */ = {isa = PBXBuildFile; fileRef = B47E104D17880091009DF30B /* btn_style2.png */; };
		B47E105B17880091009DF30B /* btn_style3.png in Resources */ = {isa = PBXBuildFile; fileRef = B47E104F17880091009DF30B /* btn_style3.png */; };
		B47E105D17880091009DF30B /* btn_style4.png in Resources */ = {isa = PBXBuildFile; fileRef = B47E105117880091009DF30B /* btn_style4.png */; };
		B47E105F17880091009DF30B /* btn_style5.png in Resources */ = {isa = PBXBuildFile; fileRef = B47E105317880091009DF30B /* btn_style5.png */; };
		B47E106117880091009DF30B /* btn_style6.png in Resources */ = {isa = PBXBuildFile; fileRef = B47E105517880091009DF30B /* btn_style6.png */; };
		B4A0D723177C261B00157BB0 /* RankViewController.m in Sources */ = {isa = PBXBuildFile; fileRef = B4A0D721177C261B00157BB0 /* RankViewController.m */; };
		B4A0D83B177D477700157BB0 /* DataBase.m in Sources */ = {isa = PBXBuildFile; fileRef = B4A0D83A177D477700157BB0 /* DataBase.m */; };
		B4A0D83F177D4C6300157BB0 /* Book.m in Sources */ = {isa = PBXBuildFile; fileRef = B4A0D83E177D4C6300157BB0 /* Book.m */; };
		B4A0D842177D4C6F00157BB0 /* Section.m in Sources */ = {isa = PBXBuildFile; fileRef = B4A0D841177D4C6F00157BB0 /* Section.m */; };
		B4A0D845177D85C900157BB0 /* BookShelfViewController.m in Sources */ = {isa = PBXBuildFile; fileRef = B4A0D844177D85C900157BB0 /* BookShelfViewController.m */; };
		B4A68C951782867B00F650F5 /* FZLanTingHeiS-R-GB.TTF in Resources */ = {isa = PBXBuildFile; fileRef = B4A68C941782867B00F650F5 /* FZLanTingHeiS-R-GB.TTF */; };
		B4A68C9C1783D6D200F650F5 /* WoodCell.png in Resources */ = {isa = PBXBuildFile; fileRef = B4A68C9B1783D6D200F650F5 /* WoodCell.png */; };
		B4A68CA51783DEE300F650F5 /* AAglyp-iPhone-Landscape.png in Resources */ = {isa = PBXBuildFile; fileRef = B4A68C9D1783DEE300F650F5 /* AAglyp-iPhone-Landscape.png */; };
		B4A68CA61783DEE300F650F5 /* AAglyp-iPhone-Landscape@2x.png in Resources */ = {isa = PBXBuildFile; fileRef = B4A68C9E1783DEE300F650F5 /* AAglyp-iPhone-Landscape@2x.png */; };
		B4A68CA71783DEE300F650F5 /* AAglyp-night-iPhone-Landscape.png in Resources */ = {isa = PBXBuildFile; fileRef = B4A68C9F1783DEE300F650F5 /* AAglyp-night-iPhone-Landscape.png */; };
		B4A68CA81783DEE300F650F5 /* AAglyp-night-iPhone-Landscape@2x.png in Resources */ = {isa = PBXBuildFile; fileRef = B4A68CA01783DEE300F650F5 /* AAglyp-night-iPhone-Landscape@2x.png */; };
		B4A68CA91783DEE300F650F5 /* AAglyp-night.png in Resources */ = {isa = PBXBuildFile; fileRef = B4A68CA11783DEE300F650F5 /* AAglyp-night.png */; };
		B4A68CAA1783DEE300F650F5 /* AAglyp-night@2x.png in Resources */ = {isa = PBXBuildFile; fileRef = B4A68CA21783DEE300F650F5 /* AAglyp-night@2x.png */; };
		B4A68CAB1783DEE300F650F5 /* AAglyp.png in Resources */ = {isa = PBXBuildFile; fileRef = B4A68CA31783DEE300F650F5 /* AAglyp.png */; };
		B4A68CAC1783DEE300F650F5 /* AAglyp@2x.png in Resources */ = {isa = PBXBuildFile; fileRef = B4A68CA41783DEE300F650F5 /* AAglyp@2x.png */; };
		B4A68CCA1783F41300F650F5 /* FontMenuViewController.m in Sources */ = {isa = PBXBuildFile; fileRef = B4A68CC81783F41200F650F5 /* FontMenuViewController.m */; };
		B4A68CCE1783F55600F650F5 /* font_selection_background.png in Resources */ = {isa = PBXBuildFile; fileRef = B4A68CCC1783F55600F650F5 /* font_selection_background.png */; };
		B4A68CCF1783F55600F650F5 /* font_selection_background@2x.png in Resources */ = {isa = PBXBuildFile; fileRef = B4A68CCD1783F55600F650F5 /* font_selection_background@2x.png */; };
		B4A68CD41783F72F00F650F5 /* slider-brightest-glyph.png in Resources */ = {isa = PBXBuildFile; fileRef = B4A68CD01783F72F00F650F5 /* slider-brightest-glyph.png */; };
		B4A68CD51783F72F00F650F5 /* slider-brightest-glyph@2x.png in Resources */ = {isa = PBXBuildFile; fileRef = B4A68CD11783F72F00F650F5 /* slider-brightest-glyph@2x.png */; };
		B4A68CD61783F72F00F650F5 /* slider-dimmest-glyph.png in Resources */ = {isa = PBXBuildFile; fileRef = B4A68CD21783F72F00F650F5 /* slider-dimmest-glyph.png */; };
		B4A68CD71783F72F00F650F5 /* slider-dimmest-glyph@2x.png in Resources */ = {isa = PBXBuildFile; fileRef = B4A68CD31783F72F00F650F5 /* slider-dimmest-glyph@2x.png */; };
		B4D4B92317815220008BAA84 /* badge.png in Resources */ = {isa = PBXBuildFile; fileRef = B4D4B92117815220008BAA84 /* badge.png */; };
		B4D4B92417815220008BAA84 /* badge@2x.png in Resources */ = {isa = PBXBuildFile; fileRef = B4D4B92217815220008BAA84 /* badge@2x.png */; };
		B4D4B9271781575D008BAA84 /* Bookmark.m in Sources */ = {isa = PBXBuildFile; fileRef = B4D4B9261781575D008BAA84 /* Bookmark.m */; };
		B4D5C895178FCF8300568415 /* sync_btn.png in Resources */ = {isa = PBXBuildFile; fileRef = B4D5C893178FCF8300568415 /* sync_btn.png */; };
		B4D5C896178FCF8300568415 /* sync_btn@2x.png in Resources */ = {isa = PBXBuildFile; fileRef = B4D5C894178FCF8300568415 /* sync_btn@2x.png */; };
		B4DD87671789A15800A82644 /* AboutViewController.m in Sources */ = {isa = PBXBuildFile; fileRef = B4DD87651789A15700A82644 /* AboutViewController.m */; };
		B4DD876B1789A80100A82644 /* ReaderCacheManager.m in Sources */ = {isa = PBXBuildFile; fileRef = B4DD876A1789A80100A82644 /* ReaderCacheManager.m */; };
		B4E1A17417787B260068877C /* SearchBookViewController.m in Sources */ = {isa = PBXBuildFile; fileRef = B4E1A17217787B250068877C /* SearchBookViewController.m */; };
		B4E1A17A177880F40068877C /* MobileCoreServices.framework in Frameworks */ = {isa = PBXBuildFile; fileRef = B4E1A178177880D60068877C /* MobileCoreServices.framework */; };
		B4E1A17B177880FC0068877C /* SystemConfiguration.framework in Frameworks */ = {isa = PBXBuildFile; fileRef = B4E1A176177880CA0068877C /* SystemConfiguration.framework */; };
		B4EF672F1774406400F54681 /* UIKit.framework in Frameworks */ = {isa = PBXBuildFile; fileRef = B4EF672E1774406400F54681 /* UIKit.framework */; };
		B4EF67311774406400F54681 /* Foundation.framework in Frameworks */ = {isa = PBXBuildFile; fileRef = B4EF67301774406400F54681 /* Foundation.framework */; };
		B4EF67331774406400F54681 /* CoreGraphics.framework in Frameworks */ = {isa = PBXBuildFile; fileRef = B4EF67321774406400F54681 /* CoreGraphics.framework */; };
		B4EF67391774406400F54681 /* InfoPlist.strings in Resources */ = {isa = PBXBuildFile; fileRef = B4EF67371774406400F54681 /* InfoPlist.strings */; };
		B4EF673B1774406500F54681 /* main.m in Sources */ = {isa = PBXBuildFile; fileRef = B4EF673A1774406500F54681 /* main.m */; };
		B4EF673F1774406500F54681 /* AppDelegate.m in Sources */ = {isa = PBXBuildFile; fileRef = B4EF673E1774406500F54681 /* AppDelegate.m */; };
		B4EF674D1774406500F54681 /* SenTestingKit.framework in Frameworks */ = {isa = PBXBuildFile; fileRef = B4EF674C1774406500F54681 /* SenTestingKit.framework */; };
		B4EF674E1774406500F54681 /* UIKit.framework in Frameworks */ = {isa = PBXBuildFile; fileRef = B4EF672E1774406400F54681 /* UIKit.framework */; };
		B4EF674F1774406500F54681 /* Foundation.framework in Frameworks */ = {isa = PBXBuildFile; fileRef = B4EF67301774406400F54681 /* Foundation.framework */; };
		B4EF67571774406500F54681 /* InfoPlist.strings in Resources */ = {isa = PBXBuildFile; fileRef = B4EF67551774406500F54681 /* InfoPlist.strings */; };
		B4EF675A1774406500F54681 /* xiaoshuoyueduTests.m in Sources */ = {isa = PBXBuildFile; fileRef = B4EF67591774406500F54681 /* xiaoshuoyueduTests.m */; };
		B4F93F6217744DC40025A1E8 /* MSMasterViewController.m in Sources */ = {isa = PBXBuildFile; fileRef = B4F93F4F17744D790025A1E8 /* MSMasterViewController.m */; };
		B4F93F8017744E7B0025A1E8 /* MSBarButtonIconNavigationPane.png in Resources */ = {isa = PBXBuildFile; fileRef = B4F93F7117744E7B0025A1E8 /* MSBarButtonIconNavigationPane.png */; };
		B4F93F8117744E7B0025A1E8 /* MSBarButtonIconNavigationPane@2x.png in Resources */ = {isa = PBXBuildFile; fileRef = B4F93F7217744E7B0025A1E8 /* MSBarButtonIconNavigationPane@2x.png */; };
		B4F93F8317744EEA0025A1E8 /* QuartzCore.framework in Frameworks */ = {isa = PBXBuildFile; fileRef = B4F93F8217744EEA0025A1E8 /* QuartzCore.framework */; };
/* End PBXBuildFile section */

/* Begin PBXContainerItemProxy section */
		B4EF67501774406500F54681 /* PBXContainerItemProxy */ = {
			isa = PBXContainerItemProxy;
			containerPortal = B4EF67231774406400F54681 /* Project object */;
			proxyType = 1;
			remoteGlobalIDString = B4EF672A1774406400F54681;
			remoteInfo = xiaoshuoyuedu;
		};
/* End PBXContainerItemProxy section */

/* Begin PBXFileReference section */
		A965EBFEE1154A4E8219AEF0 /* Pods-xiaoshuoyuedu.xcconfig */ = {isa = PBXFileReference; includeInIndex = 1; lastKnownFileType = text.xcconfig; name = "Pods-xiaoshuoyuedu.xcconfig"; path = "Pods/Pods-xiaoshuoyuedu.xcconfig"; sourceTree = SOURCE_ROOT; };
		B40B3C8C178D43AF000A8C6A /* airplay.png */ = {isa = PBXFileReference; lastKnownFileType = image.png; path = airplay.png; sourceTree = "<group>"; };
		B40B3C8D178D43AF000A8C6A /* airplay@2x.png */ = {isa = PBXFileReference; lastKnownFileType = image.png; path = "airplay@2x.png"; sourceTree = "<group>"; };
		B40B3C90178E574E000A8C6A /* WindowSelectViewController.h */ = {isa = PBXFileReference; fileEncoding = 4; lastKnownFileType = sourcecode.c.h; path = WindowSelectViewController.h; sourceTree = "<group>"; };
		B40B3C91178E574E000A8C6A /* WindowSelectViewController.m */ = {isa = PBXFileReference; fileEncoding = 4; lastKnownFileType = sourcecode.c.objc; path = WindowSelectViewController.m; sourceTree = "<group>"; };
		B40B3C94178E642E000A8C6A /* RemoteControlViewController.h */ = {isa = PBXFileReference; fileEncoding = 4; lastKnownFileType = sourcecode.c.h; path = RemoteControlViewController.h; sourceTree = "<group>"; };
		B40B3C95178E642E000A8C6A /* RemoteControlViewController.m */ = {isa = PBXFileReference; fileEncoding = 4; lastKnownFileType = sourcecode.c.objc; path = RemoteControlViewController.m; sourceTree = "<group>"; };
		B40B3C96178E642E000A8C6A /* RemoteControlViewController.xib */ = {isa = PBXFileReference; fileEncoding = 4; lastKnownFileType = file.xib; path = RemoteControlViewController.xib; sourceTree = "<group>"; };
		B41AD94F1779C9C0005F455E /* BookInfoViewController.h */ = {isa = PBXFileReference; fileEncoding = 4; lastKnownFileType = sourcecode.c.h; path = BookInfoViewController.h; sourceTree = "<group>"; };
		B41AD9501779C9C0005F455E /* BookInfoViewController.m */ = {isa = PBXFileReference; fileEncoding = 4; lastKnownFileType = sourcecode.c.objc; path = BookInfoViewController.m; sourceTree = "<group>"; };
		B41AD9541779CE07005F455E /* URLUtils.h */ = {isa = PBXFileReference; fileEncoding = 4; lastKnownFileType = sourcecode.c.h; path = URLUtils.h; sourceTree = "<group>"; };
		B41AD9551779CE07005F455E /* URLUtils.m */ = {isa = PBXFileReference; fileEncoding = 4; lastKnownFileType = sourcecode.c.objc; path = URLUtils.m; sourceTree = "<group>"; };
		B426FDA31779294F00205904 /* Common.h */ = {isa = PBXFileReference; fileEncoding = 4; lastKnownFileType = sourcecode.c.h; path = Common.h; sourceTree = "<group>"; };
		B431887417953759007E84DF /* DownloadManager.h */ = {isa = PBXFileReference; fileEncoding = 4; lastKnownFileType = sourcecode.c.h; path = DownloadManager.h; sourceTree = "<group>"; };
		B431887517953759007E84DF /* DownloadManager.m */ = {isa = PBXFileReference; fileEncoding = 4; lastKnownFileType = sourcecode.c.objc; path = DownloadManager.m; sourceTree = "<group>"; };
		B431888917955D32007E84DF /* libPods-xiaoshuoyuedu.a */ = {isa = PBXFileReference; lastKnownFileType = archive.ar; name = "libPods-xiaoshuoyuedu.a"; path = "Pods/build/Release-iphoneos/libPods-xiaoshuoyuedu.a"; sourceTree = "<group>"; };
		B43CC70A1780265A009BFA2E /* BelowBottomView.h */ = {isa = PBXFileReference; fileEncoding = 4; lastKnownFileType = sourcecode.c.h; path = BelowBottomView.h; sourceTree = "<group>"; };
		B43CC70B1780265A009BFA2E /* BelowBottomView.m */ = {isa = PBXFileReference; fileEncoding = 4; lastKnownFileType = sourcecode.c.objc; path = BelowBottomView.m; sourceTree = "<group>"; };
		B43CC70C1780265A009BFA2E /* BookShelfCellView.h */ = {isa = PBXFileReference; fileEncoding = 4; lastKnownFileType = sourcecode.c.h; path = BookShelfCellView.h; sourceTree = "<group>"; };
		B43CC70D1780265A009BFA2E /* BookShelfCellView.m */ = {isa = PBXFileReference; fileEncoding = 4; lastKnownFileType = sourcecode.c.objc; path = BookShelfCellView.m; sourceTree = "<group>"; };
		B43CC717178026E1009BFA2E /* NavBar-Landscape@2x~iphone.png */ = {isa = PBXFileReference; lastKnownFileType = image.png; path = "NavBar-Landscape@2x~iphone.png"; sourceTree = "<group>"; };
		B43CC718178026E1009BFA2E /* NavBar-Landscape~iphone.png */ = {isa = PBXFileReference; lastKnownFileType = image.png; path = "NavBar-Landscape~iphone.png"; sourceTree = "<group>"; };
		B43CC719178026E1009BFA2E /* NavBar@2x~ipad.png */ = {isa = PBXFileReference; lastKnownFileType = image.png; path = "NavBar@2x~ipad.png"; sourceTree = "<group>"; };
		B43CC71A178026E1009BFA2E /* NavBar@2x~iphone.png */ = {isa = PBXFileReference; lastKnownFileType = image.png; path = "NavBar@2x~iphone.png"; sourceTree = "<group>"; };
		B43CC71B178026E1009BFA2E /* NavBar~ipad.png */ = {isa = PBXFileReference; lastKnownFileType = image.png; path = "NavBar~ipad.png"; sourceTree = "<group>"; };
		B43CC71C178026E1009BFA2E /* NavBar~iphone.png */ = {isa = PBXFileReference; lastKnownFileType = image.png; path = "NavBar~iphone.png"; sourceTree = "<group>"; };
		B43CC71D178026E1009BFA2E /* Shelf-Landscape-568h@2x~iphone.png */ = {isa = PBXFileReference; lastKnownFileType = image.png; path = "Shelf-Landscape-568h@2x~iphone.png"; sourceTree = "<group>"; };
		B43CC71E178026E1009BFA2E /* Shelf-Landscape@2x~ipad.png */ = {isa = PBXFileReference; lastKnownFileType = image.png; path = "Shelf-Landscape@2x~ipad.png"; sourceTree = "<group>"; };
		B43CC71F178026E1009BFA2E /* Shelf-Landscape@2x~iphone.png */ = {isa = PBXFileReference; lastKnownFileType = image.png; path = "Shelf-Landscape@2x~iphone.png"; sourceTree = "<group>"; };
		B43CC720178026E1009BFA2E /* Shelf-Landscape~ipad.png */ = {isa = PBXFileReference; lastKnownFileType = image.png; path = "Shelf-Landscape~ipad.png"; sourceTree = "<group>"; };
		B43CC721178026E1009BFA2E /* Shelf-Landscape~iphone.png */ = {isa = PBXFileReference; lastKnownFileType = image.png; path = "Shelf-Landscape~iphone.png"; sourceTree = "<group>"; };
		B43CC722178026E1009BFA2E /* Shelf@2x~ipad.png */ = {isa = PBXFileReference; lastKnownFileType = image.png; path = "Shelf@2x~ipad.png"; sourceTree = "<group>"; };
		B43CC723178026E1009BFA2E /* Shelf@2x~iphone.png */ = {isa = PBXFileReference; lastKnownFileType = image.png; path = "Shelf@2x~iphone.png"; sourceTree = "<group>"; };
		B43CC724178026E1009BFA2E /* Shelf~ipad.png */ = {isa = PBXFileReference; lastKnownFileType = image.png; path = "Shelf~ipad.png"; sourceTree = "<group>"; };
		B43CC725178026E1009BFA2E /* Shelf~iphone.png */ = {isa = PBXFileReference; lastKnownFileType = image.png; path = "Shelf~iphone.png"; sourceTree = "<group>"; };
		B43CC726178026E1009BFA2E /* Side Shading-iPad.png */ = {isa = PBXFileReference; lastKnownFileType = image.png; path = "Side Shading-iPad.png"; sourceTree = "<group>"; };
		B43CC727178026E1009BFA2E /* Side Shading-iPad@2x.png */ = {isa = PBXFileReference; lastKnownFileType = image.png; path = "Side Shading-iPad@2x.png"; sourceTree = "<group>"; };
		B43CC728178026E1009BFA2E /* Side Shading-iPhone.png */ = {isa = PBXFileReference; lastKnownFileType = image.png; path = "Side Shading-iPhone.png"; sourceTree = "<group>"; };
		B43CC729178026E1009BFA2E /* Side Shading-iPhone@2x.png */ = {isa = PBXFileReference; lastKnownFileType = image.png; path = "Side Shading-iPhone@2x.png"; sourceTree = "<group>"; };
		B43CC72A178026E1009BFA2E /* topshelf side shading-iPhone.png */ = {isa = PBXFileReference; lastKnownFileType = image.png; path = "topshelf side shading-iPhone.png"; sourceTree = "<group>"; };
		B43CC72B178026E1009BFA2E /* topshelf side shading-iPhone@2x.png */ = {isa = PBXFileReference; lastKnownFileType = image.png; path = "topshelf side shading-iPhone@2x.png"; sourceTree = "<group>"; };
		B43CC745178026E9009BFA2E /* BookShelfCell.png */ = {isa = PBXFileReference; lastKnownFileType = image.png; path = BookShelfCell.png; sourceTree = "<group>"; };
		B43CC746178026E9009BFA2E /* BookShelfCell@2x.png */ = {isa = PBXFileReference; lastKnownFileType = image.png; path = "BookShelfCell@2x.png"; sourceTree = "<group>"; };
		B43CC750178027FF009BFA2E /* BookView.h */ = {isa = PBXFileReference; fileEncoding = 4; lastKnownFileType = sourcecode.c.h; path = BookView.h; sourceTree = "<group>"; };
		B43CC75117802800009BFA2E /* BookView.m */ = {isa = PBXFileReference; fileEncoding = 4; lastKnownFileType = sourcecode.c.objc; path = BookView.m; sourceTree = "<group>"; };
		B43CC77517806BD3009BFA2E /* placeholder.png */ = {isa = PBXFileReference; lastKnownFileType = image.png; path = placeholder.png; sourceTree = "<group>"; };
		B43CC77917807147009BFA2E /* topshelf side shading-iPad.png */ = {isa = PBXFileReference; lastKnownFileType = image.png; path = "topshelf side shading-iPad.png"; sourceTree = "<group>"; };
		B43CC77A17807149009BFA2E /* topshelf side shading-iPad@2x.png */ = {isa = PBXFileReference; lastKnownFileType = image.png; path = "topshelf side shading-iPad@2x.png"; sourceTree = "<group>"; };
		B43CC77F1780759A009BFA2E /* shelf_delete.png */ = {isa = PBXFileReference; lastKnownFileType = image.png; path = shelf_delete.png; sourceTree = "<group>"; };
		B43CC7801780759B009BFA2E /* shelf_delete@2x.png */ = {isa = PBXFileReference; lastKnownFileType = image.png; path = "shelf_delete@2x.png"; sourceTree = "<group>"; };
		B4466B03178432BF0077A1A6 /* ToC.png */ = {isa = PBXFileReference; lastKnownFileType = image.png; path = ToC.png; sourceTree = "<group>"; };
		B4466B04178432BF0077A1A6 /* ToC@2x.png */ = {isa = PBXFileReference; lastKnownFileType = image.png; path = "ToC@2x.png"; sourceTree = "<group>"; };
		B4466B05178432BF0077A1A6 /* UISliderBrown.png */ = {isa = PBXFileReference; lastKnownFileType = image.png; path = UISliderBrown.png; sourceTree = "<group>"; };
		B4466B06178432BF0077A1A6 /* UISliderBrown@2x.png */ = {isa = PBXFileReference; lastKnownFileType = image.png; path = "UISliderBrown@2x.png"; sourceTree = "<group>"; };
		B454F020178176EF0026C113 /* Default-568h@2x~iphone.png */ = {isa = PBXFileReference; lastKnownFileType = image.png; path = "Default-568h@2x~iphone.png"; sourceTree = "<group>"; };
		B454F021178176EF0026C113 /* Default-Landscape.png */ = {isa = PBXFileReference; lastKnownFileType = image.png; path = "Default-Landscape.png"; sourceTree = "<group>"; };
		B454F022178176EF0026C113 /* Default-Landscape@2x.png */ = {isa = PBXFileReference; lastKnownFileType = image.png; path = "Default-Landscape@2x.png"; sourceTree = "<group>"; };
		B454F023178176EF0026C113 /* Default.png */ = {isa = PBXFileReference; lastKnownFileType = image.png; path = Default.png; sourceTree = "<group>"; };
		B454F024178176EF0026C113 /* Default@2x.png */ = {isa = PBXFileReference; lastKnownFileType = image.png; path = "Default@2x.png"; sourceTree = "<group>"; };
		B454F025178176EF0026C113 /* Default@2x~iphone.png */ = {isa = PBXFileReference; lastKnownFileType = image.png; path = "Default@2x~iphone.png"; sourceTree = "<group>"; };
		B454F026178176EF0026C113 /* Default~iphone.png */ = {isa = PBXFileReference; lastKnownFileType = image.png; path = "Default~iphone.png"; sourceTree = "<group>"; };
		B458944F178AA730004A5495 /* JSONRequestTableViewController.h */ = {isa = PBXFileReference; fileEncoding = 4; lastKnownFileType = sourcecode.c.h; path = JSONRequestTableViewController.h; sourceTree = "<group>"; };
		B4589450178AA730004A5495 /* JSONRequestTableViewController.m */ = {isa = PBXFileReference; fileEncoding = 4; lastKnownFileType = sourcecode.c.objc; path = JSONRequestTableViewController.m; sourceTree = "<group>"; };
		B4589456178BEBDE004A5495 /* Crashlytics.framework */ = {isa = PBXFileReference; lastKnownFileType = wrapper.framework; path = Crashlytics.framework; sourceTree = "<group>"; };
		B4589459178BFE73004A5495 /* AboutViewController.xib */ = {isa = PBXFileReference; fileEncoding = 4; lastKnownFileType = file.xib; path = AboutViewController.xib; sourceTree = "<group>"; };
		B458945A178BFE73004A5495 /* BookInfoViewController.xib */ = {isa = PBXFileReference; fileEncoding = 4; lastKnownFileType = file.xib; path = BookInfoViewController.xib; sourceTree = "<group>"; };
		B458945B178BFE73004A5495 /* FontMenuViewController.xib */ = {isa = PBXFileReference; fileEncoding = 4; lastKnownFileType = file.xib; path = FontMenuViewController.xib; sourceTree = "<group>"; };
		B458945C178BFE73004A5495 /* SearchBookViewController.xib */ = {isa = PBXFileReference; fileEncoding = 4; lastKnownFileType = file.xib; path = SearchBookViewController.xib; sourceTree = "<group>"; };
		B458945D178BFE73004A5495 /* SectionReaderTableViewCell.xib */ = {isa = PBXFileReference; fileEncoding = 4; lastKnownFileType = file.xib; path = SectionReaderTableViewCell.xib; sourceTree = "<group>"; };
		B4589464178BFF2A004A5495 /* SectionReaderTableViewCell.h */ = {isa = PBXFileReference; fileEncoding = 4; lastKnownFileType = sourcecode.c.h; path = SectionReaderTableViewCell.h; sourceTree = "<group>"; };
		B4589465178BFF2A004A5495 /* SectionReaderTableViewCell.m */ = {isa = PBXFileReference; fileEncoding = 4; lastKnownFileType = sourcecode.c.objc; path = SectionReaderTableViewCell.m; sourceTree = "<group>"; };
		B46213A017A8F3D800B8A9DF /* YLLabel.h */ = {isa = PBXFileReference; fileEncoding = 4; lastKnownFileType = sourcecode.c.h; path = YLLabel.h; sourceTree = "<group>"; };
		B46213A117A8F3D800B8A9DF /* YLLabel.m */ = {isa = PBXFileReference; fileEncoding = 4; lastKnownFileType = sourcecode.c.objc; path = YLLabel.m; sourceTree = "<group>"; };
		B46213AD17AB45AE00B8A9DF /* en */ = {isa = PBXFileReference; lastKnownFileType = text.plist.strings; name = en; path = en.lproj/Localizable.strings; sourceTree = "<group>"; };
		B46213B517AB4A2600B8A9DF /* en */ = {isa = PBXFileReference; lastKnownFileType = text.plist.strings; name = en; path = InfoPlist.strings; sourceTree = "<group>"; };
		B46213B717AB4A2600B8A9DF /* en */ = {isa = PBXFileReference; lastKnownFileType = text.plist.strings; name = en; path = Localizable.strings; sourceTree = "<group>"; };
		B46213C017AB4A4500B8A9DF /* ja */ = {isa = PBXFileReference; lastKnownFileType = text.plist.strings; name = ja; path = Localizable.strings; sourceTree = "<group>"; };
		B46213CB17AB4DAA00B8A9DF /* xiaoshuoyuedu-Info.plist */ = {isa = PBXFileReference; fileEncoding = 4; lastKnownFileType = text.plist.xml; path = "xiaoshuoyuedu-Info.plist"; sourceTree = "<group>"; };
		B46213CE17AB4DC500B8A9DF /* ja */ = {isa = PBXFileReference; lastKnownFileType = text.plist.strings; name = ja; path = InfoPlist.strings; sourceTree = "<group>"; };
		B46213DC17AB4EAF00B8A9DF /* zh_CN */ = {isa = PBXFileReference; lastKnownFileType = text.plist.strings; name = zh_CN; path = InfoPlist.strings; sourceTree = "<group>"; };
		B46213DE17AB4EAF00B8A9DF /* zh_CN */ = {isa = PBXFileReference; lastKnownFileType = text.plist.strings; name = zh_CN; path = Localizable.strings; sourceTree = "<group>"; };
		B46EC4E1177C6B3400C6873B /* CategoryViewController.h */ = {isa = PBXFileReference; fileEncoding = 4; lastKnownFileType = sourcecode.c.h; path = CategoryViewController.h; sourceTree = "<group>"; };
		B46EC4E2177C6B3400C6873B /* CategoryViewController.m */ = {isa = PBXFileReference; fileEncoding = 4; lastKnownFileType = sourcecode.c.objc; path = CategoryViewController.m; sourceTree = "<group>"; };
		B46EC4E6177C6EA800C6873B /* CategoryResultViewController.h */ = {isa = PBXFileReference; fileEncoding = 4; lastKnownFileType = sourcecode.c.h; path = CategoryResultViewController.h; sourceTree = "<group>"; };
		B46EC4E7177C6EA800C6873B /* CategoryResultViewController.m */ = {isa = PBXFileReference; fileEncoding = 4; lastKnownFileType = sourcecode.c.objc; path = CategoryResultViewController.m; sourceTree = "<group>"; };
		B46EC4EE177EBA4600C6873B /* MSReaderViewController.h */ = {isa = PBXFileReference; fileEncoding = 4; lastKnownFileType = sourcecode.c.h; path = MSReaderViewController.h; sourceTree = "<group>"; };
		B46EC4EF177EBA4700C6873B /* MSReaderViewController.m */ = {isa = PBXFileReference; fileEncoding = 4; lastKnownFileType = sourcecode.c.objc; path = MSReaderViewController.m; sourceTree = "<group>"; };
		B46EC4F1177EC70200C6873B /* SectionReaderTableViewController.h */ = {isa = PBXFileReference; fileEncoding = 4; lastKnownFileType = sourcecode.c.h; path = SectionReaderTableViewController.h; sourceTree = "<group>"; };
		B46EC4F2177EC70300C6873B /* SectionReaderTableViewController.m */ = {isa = PBXFileReference; fileEncoding = 4; lastKnownFileType = sourcecode.c.objc; path = SectionReaderTableViewController.m; sourceTree = "<group>"; };
		B46EC4F7177ED1EF00C6873B /* FontUtils.h */ = {isa = PBXFileReference; fileEncoding = 4; lastKnownFileType = sourcecode.c.h; path = FontUtils.h; sourceTree = "<group>"; };
		B46EC4F8177ED1EF00C6873B /* FontUtils.m */ = {isa = PBXFileReference; fileEncoding = 4; lastKnownFileType = sourcecode.c.objc; path = FontUtils.m; sourceTree = "<group>"; };
		B46EC4FA177ED22600C6873B /* CoreText.framework */ = {isa = PBXFileReference; lastKnownFileType = wrapper.framework; name = CoreText.framework; path = System/Library/Frameworks/CoreText.framework; sourceTree = SDKROOT; };
		B46EC524177FBC7000C6873B /* checkmark.png */ = {isa = PBXFileReference; lastKnownFileType = image.png; path = checkmark.png; sourceTree = "<group>"; };
		B46EC526177FBD1E00C6873B /* sync.png */ = {isa = PBXFileReference; lastKnownFileType = image.png; path = sync.png; sourceTree = "<group>"; };
		B46EC52C177FED6000C6873B /* Icon.png */ = {isa = PBXFileReference; lastKnownFileType = image.png; path = Icon.png; sourceTree = "<group>"; };
		B46EC52D177FED6100C6873B /* Icon@2x.png */ = {isa = PBXFileReference; lastKnownFileType = image.png; path = "Icon@2x.png"; sourceTree = "<group>"; };
		B46EC530177FFC8200C6873B /* navigation_bar_bg.png */ = {isa = PBXFileReference; lastKnownFileType = image.png; path = navigation_bar_bg.png; sourceTree = "<group>"; };
		B46EC531177FFC8200C6873B /* navigation_bar_bg@2x.png */ = {isa = PBXFileReference; lastKnownFileType = image.png; path = "navigation_bar_bg@2x.png"; sourceTree = "<group>"; };
		B46EC5341780034C00C6873B /* bookshelf_update.png */ = {isa = PBXFileReference; lastKnownFileType = image.png; path = bookshelf_update.png; sourceTree = "<group>"; };
		B46EC5351780034C00C6873B /* bookshelf_update@2x.png */ = {isa = PBXFileReference; lastKnownFileType = image.png; path = "bookshelf_update@2x.png"; sourceTree = "<group>"; };
		B46EC538178006AA00C6873B /* bookshelf_edit.png */ = {isa = PBXFileReference; lastKnownFileType = image.png; path = bookshelf_edit.png; sourceTree = "<group>"; };
		B46EC539178006AA00C6873B /* bookshelf_edit@2x.png */ = {isa = PBXFileReference; lastKnownFileType = image.png; path = "bookshelf_edit@2x.png"; sourceTree = "<group>"; };
		B46EC53A178006AA00C6873B /* bookshelf_ok.png */ = {isa = PBXFileReference; lastKnownFileType = image.png; path = bookshelf_ok.png; sourceTree = "<group>"; };
		B46EC53B178006AA00C6873B /* bookshelf_ok@2x.png */ = {isa = PBXFileReference; lastKnownFileType = image.png; path = "bookshelf_ok@2x.png"; sourceTree = "<group>"; };
		B47E103D1781B6D5009DF30B /* checkmark-current.png */ = {isa = PBXFileReference; lastKnownFileType = image.png; path = "checkmark-current.png"; sourceTree = "<group>"; };
		B47E10421781CA6B009DF30B /* WoodTile@2x~ipad.png */ = {isa = PBXFileReference; lastKnownFileType = image.png; path = "WoodTile@2x~ipad.png"; sourceTree = "<group>"; };
		B47E10431781CA6B009DF30B /* WoodTile@2x~iphone.png */ = {isa = PBXFileReference; lastKnownFileType = image.png; path = "WoodTile@2x~iphone.png"; sourceTree = "<group>"; };
		B47E10441781CA6B009DF30B /* WoodTile~ipad.png */ = {isa = PBXFileReference; lastKnownFileType = image.png; path = "WoodTile~ipad.png"; sourceTree = "<group>"; };
		B47E10451781CA6B009DF30B /* WoodTile~iphone.png */ = {isa = PBXFileReference; lastKnownFileType = image.png; path = "WoodTile~iphone.png"; sourceTree = "<group>"; };
		B47E104B17880091009DF30B /* btn_style1.png */ = {isa = PBXFileReference; lastKnownFileType = image.png; path = btn_style1.png; sourceTree = "<group>"; };
		B47E104D17880091009DF30B /* btn_style2.png */ = {isa = PBXFileReference; lastKnownFileType = image.png; path = btn_style2.png; sourceTree = "<group>"; };
		B47E104F17880091009DF30B /* btn_style3.png */ = {isa = PBXFileReference; lastKnownFileType = image.png; path = btn_style3.png; sourceTree = "<group>"; };
		B47E105117880091009DF30B /* btn_style4.png */ = {isa = PBXFileReference; lastKnownFileType = image.png; path = btn_style4.png; sourceTree = "<group>"; };
		B47E105317880091009DF30B /* btn_style5.png */ = {isa = PBXFileReference; lastKnownFileType = image.png; path = btn_style5.png; sourceTree = "<group>"; };
		B47E105517880091009DF30B /* btn_style6.png */ = {isa = PBXFileReference; lastKnownFileType = image.png; path = btn_style6.png; sourceTree = "<group>"; };
		B4A0D720177C261B00157BB0 /* RankViewController.h */ = {isa = PBXFileReference; fileEncoding = 4; lastKnownFileType = sourcecode.c.h; path = RankViewController.h; sourceTree = "<group>"; };
		B4A0D721177C261B00157BB0 /* RankViewController.m */ = {isa = PBXFileReference; fileEncoding = 4; lastKnownFileType = sourcecode.c.objc; path = RankViewController.m; sourceTree = "<group>"; };
		B4A0D839177D477700157BB0 /* DataBase.h */ = {isa = PBXFileReference; fileEncoding = 4; lastKnownFileType = sourcecode.c.h; path = DataBase.h; sourceTree = "<group>"; };
		B4A0D83A177D477700157BB0 /* DataBase.m */ = {isa = PBXFileReference; fileEncoding = 4; lastKnownFileType = sourcecode.c.objc; path = DataBase.m; sourceTree = "<group>"; };
		B4A0D83D177D4C6300157BB0 /* Book.h */ = {isa = PBXFileReference; fileEncoding = 4; lastKnownFileType = sourcecode.c.h; path = Book.h; sourceTree = "<group>"; };
		B4A0D83E177D4C6300157BB0 /* Book.m */ = {isa = PBXFileReference; fileEncoding = 4; lastKnownFileType = sourcecode.c.objc; path = Book.m; sourceTree = "<group>"; };
		B4A0D840177D4C6F00157BB0 /* Section.h */ = {isa = PBXFileReference; fileEncoding = 4; lastKnownFileType = sourcecode.c.h; path = Section.h; sourceTree = "<group>"; };
		B4A0D841177D4C6F00157BB0 /* Section.m */ = {isa = PBXFileReference; fileEncoding = 4; lastKnownFileType = sourcecode.c.objc; path = Section.m; sourceTree = "<group>"; };
		B4A0D843177D85C800157BB0 /* BookShelfViewController.h */ = {isa = PBXFileReference; fileEncoding = 4; lastKnownFileType = sourcecode.c.h; path = BookShelfViewController.h; sourceTree = "<group>"; };
		B4A0D844177D85C900157BB0 /* BookShelfViewController.m */ = {isa = PBXFileReference; fileEncoding = 4; lastKnownFileType = sourcecode.c.objc; path = BookShelfViewController.m; sourceTree = "<group>"; };
		B4A68C941782867B00F650F5 /* FZLanTingHeiS-R-GB.TTF */ = {isa = PBXFileReference; lastKnownFileType = file; path = "FZLanTingHeiS-R-GB.TTF"; sourceTree = "<group>"; };
		B4A68C9B1783D6D200F650F5 /* WoodCell.png */ = {isa = PBXFileReference; lastKnownFileType = image.png; path = WoodCell.png; sourceTree = "<group>"; };
		B4A68C9D1783DEE300F650F5 /* AAglyp-iPhone-Landscape.png */ = {isa = PBXFileReference; lastKnownFileType = image.png; path = "AAglyp-iPhone-Landscape.png"; sourceTree = "<group>"; };
		B4A68C9E1783DEE300F650F5 /* AAglyp-iPhone-Landscape@2x.png */ = {isa = PBXFileReference; lastKnownFileType = image.png; path = "AAglyp-iPhone-Landscape@2x.png"; sourceTree = "<group>"; };
		B4A68C9F1783DEE300F650F5 /* AAglyp-night-iPhone-Landscape.png */ = {isa = PBXFileReference; lastKnownFileType = image.png; path = "AAglyp-night-iPhone-Landscape.png"; sourceTree = "<group>"; };
		B4A68CA01783DEE300F650F5 /* AAglyp-night-iPhone-Landscape@2x.png */ = {isa = PBXFileReference; lastKnownFileType = image.png; path = "AAglyp-night-iPhone-Landscape@2x.png"; sourceTree = "<group>"; };
		B4A68CA11783DEE300F650F5 /* AAglyp-night.png */ = {isa = PBXFileReference; lastKnownFileType = image.png; path = "AAglyp-night.png"; sourceTree = "<group>"; };
		B4A68CA21783DEE300F650F5 /* AAglyp-night@2x.png */ = {isa = PBXFileReference; lastKnownFileType = image.png; path = "AAglyp-night@2x.png"; sourceTree = "<group>"; };
		B4A68CA31783DEE300F650F5 /* AAglyp.png */ = {isa = PBXFileReference; lastKnownFileType = image.png; path = AAglyp.png; sourceTree = "<group>"; };
		B4A68CA41783DEE300F650F5 /* AAglyp@2x.png */ = {isa = PBXFileReference; lastKnownFileType = image.png; path = "AAglyp@2x.png"; sourceTree = "<group>"; };
		B4A68CC71783F41200F650F5 /* FontMenuViewController.h */ = {isa = PBXFileReference; fileEncoding = 4; lastKnownFileType = sourcecode.c.h; path = FontMenuViewController.h; sourceTree = "<group>"; };
		B4A68CC81783F41200F650F5 /* FontMenuViewController.m */ = {isa = PBXFileReference; fileEncoding = 4; lastKnownFileType = sourcecode.c.objc; path = FontMenuViewController.m; sourceTree = "<group>"; };
		B4A68CCC1783F55600F650F5 /* font_selection_background.png */ = {isa = PBXFileReference; lastKnownFileType = image.png; path = font_selection_background.png; sourceTree = "<group>"; };
		B4A68CCD1783F55600F650F5 /* font_selection_background@2x.png */ = {isa = PBXFileReference; lastKnownFileType = image.png; path = "font_selection_background@2x.png"; sourceTree = "<group>"; };
		B4A68CD01783F72F00F650F5 /* slider-brightest-glyph.png */ = {isa = PBXFileReference; lastKnownFileType = image.png; path = "slider-brightest-glyph.png"; sourceTree = "<group>"; };
		B4A68CD11783F72F00F650F5 /* slider-brightest-glyph@2x.png */ = {isa = PBXFileReference; lastKnownFileType = image.png; path = "slider-brightest-glyph@2x.png"; sourceTree = "<group>"; };
		B4A68CD21783F72F00F650F5 /* slider-dimmest-glyph.png */ = {isa = PBXFileReference; lastKnownFileType = image.png; path = "slider-dimmest-glyph.png"; sourceTree = "<group>"; };
		B4A68CD31783F72F00F650F5 /* slider-dimmest-glyph@2x.png */ = {isa = PBXFileReference; lastKnownFileType = image.png; path = "slider-dimmest-glyph@2x.png"; sourceTree = "<group>"; };
		B4D4B92117815220008BAA84 /* badge.png */ = {isa = PBXFileReference; lastKnownFileType = image.png; path = badge.png; sourceTree = "<group>"; };
		B4D4B92217815220008BAA84 /* badge@2x.png */ = {isa = PBXFileReference; lastKnownFileType = image.png; path = "badge@2x.png"; sourceTree = "<group>"; };
		B4D4B9251781575D008BAA84 /* Bookmark.h */ = {isa = PBXFileReference; fileEncoding = 4; lastKnownFileType = sourcecode.c.h; path = Bookmark.h; sourceTree = "<group>"; };
		B4D4B9261781575D008BAA84 /* Bookmark.m */ = {isa = PBXFileReference; fileEncoding = 4; lastKnownFileType = sourcecode.c.objc; path = Bookmark.m; sourceTree = "<group>"; };
		B4D5C893178FCF8300568415 /* sync_btn.png */ = {isa = PBXFileReference; lastKnownFileType = image.png; path = sync_btn.png; sourceTree = "<group>"; };
		B4D5C894178FCF8300568415 /* sync_btn@2x.png */ = {isa = PBXFileReference; lastKnownFileType = image.png; path = "sync_btn@2x.png"; sourceTree = "<group>"; };
		B4DD87641789A15700A82644 /* AboutViewController.h */ = {isa = PBXFileReference; fileEncoding = 4; lastKnownFileType = sourcecode.c.h; path = AboutViewController.h; sourceTree = "<group>"; };
		B4DD87651789A15700A82644 /* AboutViewController.m */ = {isa = PBXFileReference; fileEncoding = 4; lastKnownFileType = sourcecode.c.objc; path = AboutViewController.m; sourceTree = "<group>"; };
		B4DD87691789A80100A82644 /* ReaderCacheManager.h */ = {isa = PBXFileReference; fileEncoding = 4; lastKnownFileType = sourcecode.c.h; path = ReaderCacheManager.h; sourceTree = "<group>"; };
		B4DD876A1789A80100A82644 /* ReaderCacheManager.m */ = {isa = PBXFileReference; fileEncoding = 4; lastKnownFileType = sourcecode.c.objc; path = ReaderCacheManager.m; sourceTree = "<group>"; };
		B4E1A17117787B250068877C /* SearchBookViewController.h */ = {isa = PBXFileReference; fileEncoding = 4; lastKnownFileType = sourcecode.c.h; path = SearchBookViewController.h; sourceTree = "<group>"; };
		B4E1A17217787B250068877C /* SearchBookViewController.m */ = {isa = PBXFileReference; fileEncoding = 4; lastKnownFileType = sourcecode.c.objc; path = SearchBookViewController.m; sourceTree = "<group>"; };
		B4E1A176177880CA0068877C /* SystemConfiguration.framework */ = {isa = PBXFileReference; lastKnownFileType = wrapper.framework; name = SystemConfiguration.framework; path = System/Library/Frameworks/SystemConfiguration.framework; sourceTree = SDKROOT; };
		B4E1A178177880D60068877C /* MobileCoreServices.framework */ = {isa = PBXFileReference; lastKnownFileType = wrapper.framework; name = MobileCoreServices.framework; path = System/Library/Frameworks/MobileCoreServices.framework; sourceTree = SDKROOT; };
		B4EF672B1774406400F54681 /* xiaoshuoyuedu.app */ = {isa = PBXFileReference; explicitFileType = wrapper.application; includeInIndex = 0; path = xiaoshuoyuedu.app; sourceTree = BUILT_PRODUCTS_DIR; };
		B4EF672E1774406400F54681 /* UIKit.framework */ = {isa = PBXFileReference; lastKnownFileType = wrapper.framework; name = UIKit.framework; path = System/Library/Frameworks/UIKit.framework; sourceTree = SDKROOT; };
		B4EF67301774406400F54681 /* Foundation.framework */ = {isa = PBXFileReference; lastKnownFileType = wrapper.framework; name = Foundation.framework; path = System/Library/Frameworks/Foundation.framework; sourceTree = SDKROOT; };
		B4EF67321774406400F54681 /* CoreGraphics.framework */ = {isa = PBXFileReference; lastKnownFileType = wrapper.framework; name = CoreGraphics.framework; path = System/Library/Frameworks/CoreGraphics.framework; sourceTree = SDKROOT; };
		B4EF67381774406400F54681 /* en */ = {isa = PBXFileReference; lastKnownFileType = text.plist.strings; name = en; path = en.lproj/InfoPlist.strings; sourceTree = "<group>"; };
		B4EF673A1774406500F54681 /* main.m */ = {isa = PBXFileReference; lastKnownFileType = sourcecode.c.objc; path = main.m; sourceTree = "<group>"; };
		B4EF673C1774406500F54681 /* xiaoshuoyuedu-Prefix.pch */ = {isa = PBXFileReference; lastKnownFileType = sourcecode.c.h; path = "xiaoshuoyuedu-Prefix.pch"; sourceTree = "<group>"; };
		B4EF673D1774406500F54681 /* AppDelegate.h */ = {isa = PBXFileReference; lastKnownFileType = sourcecode.c.h; path = AppDelegate.h; sourceTree = "<group>"; };
		B4EF673E1774406500F54681 /* AppDelegate.m */ = {isa = PBXFileReference; lastKnownFileType = sourcecode.c.objc; path = AppDelegate.m; sourceTree = "<group>"; };
		B4EF674B1774406500F54681 /* xiaoshuoyueduTests.octest */ = {isa = PBXFileReference; explicitFileType = wrapper.cfbundle; includeInIndex = 0; path = xiaoshuoyueduTests.octest; sourceTree = BUILT_PRODUCTS_DIR; };
		B4EF674C1774406500F54681 /* SenTestingKit.framework */ = {isa = PBXFileReference; lastKnownFileType = wrapper.framework; name = SenTestingKit.framework; path = Library/Frameworks/SenTestingKit.framework; sourceTree = DEVELOPER_DIR; };
		B4EF67541774406500F54681 /* xiaoshuoyueduTests-Info.plist */ = {isa = PBXFileReference; lastKnownFileType = text.plist.xml; path = "xiaoshuoyueduTests-Info.plist"; sourceTree = "<group>"; };
		B4EF67561774406500F54681 /* en */ = {isa = PBXFileReference; lastKnownFileType = text.plist.strings; name = en; path = en.lproj/InfoPlist.strings; sourceTree = "<group>"; };
		B4EF67581774406500F54681 /* xiaoshuoyueduTests.h */ = {isa = PBXFileReference; lastKnownFileType = sourcecode.c.h; path = xiaoshuoyueduTests.h; sourceTree = "<group>"; };
		B4EF67591774406500F54681 /* xiaoshuoyueduTests.m */ = {isa = PBXFileReference; lastKnownFileType = sourcecode.c.objc; path = xiaoshuoyueduTests.m; sourceTree = "<group>"; };
		B4F93F4E17744D790025A1E8 /* MSMasterViewController.h */ = {isa = PBXFileReference; lastKnownFileType = sourcecode.c.h; path = MSMasterViewController.h; sourceTree = "<group>"; };
		B4F93F4F17744D790025A1E8 /* MSMasterViewController.m */ = {isa = PBXFileReference; lastKnownFileType = sourcecode.c.objc; path = MSMasterViewController.m; sourceTree = "<group>"; };
		B4F93F7117744E7B0025A1E8 /* MSBarButtonIconNavigationPane.png */ = {isa = PBXFileReference; lastKnownFileType = image.png; path = MSBarButtonIconNavigationPane.png; sourceTree = "<group>"; };
		B4F93F7217744E7B0025A1E8 /* MSBarButtonIconNavigationPane@2x.png */ = {isa = PBXFileReference; lastKnownFileType = image.png; path = "MSBarButtonIconNavigationPane@2x.png"; sourceTree = "<group>"; };
		B4F93F8217744EEA0025A1E8 /* QuartzCore.framework */ = {isa = PBXFileReference; lastKnownFileType = wrapper.framework; name = QuartzCore.framework; path = System/Library/Frameworks/QuartzCore.framework; sourceTree = SDKROOT; };
/* End PBXFileReference section */

/* Begin PBXFrameworksBuildPhase section */
		B4EF67281774406400F54681 /* Frameworks */ = {
			isa = PBXFrameworksBuildPhase;
			buildActionMask = 2147483647;
			files = (
				B431888A17955D32007E84DF /* libPods-xiaoshuoyuedu.a in Frameworks */,
				B46EC4FC177ED23900C6873B /* CoreText.framework in Frameworks */,
				B4F93F8317744EEA0025A1E8 /* QuartzCore.framework in Frameworks */,
				B4E1A17B177880FC0068877C /* SystemConfiguration.framework in Frameworks */,
				B4E1A17A177880F40068877C /* MobileCoreServices.framework in Frameworks */,
				B4EF672F1774406400F54681 /* UIKit.framework in Frameworks */,
				B4EF67311774406400F54681 /* Foundation.framework in Frameworks */,
				B4EF67331774406400F54681 /* CoreGraphics.framework in Frameworks */,
				B4589457178BEBDE004A5495 /* Crashlytics.framework in Frameworks */,
			);
			runOnlyForDeploymentPostprocessing = 0;
		};
		B4EF67471774406500F54681 /* Frameworks */ = {
			isa = PBXFrameworksBuildPhase;
			buildActionMask = 2147483647;
			files = (
				B4EF674D1774406500F54681 /* SenTestingKit.framework in Frameworks */,
				B4EF674E1774406500F54681 /* UIKit.framework in Frameworks */,
				B4EF674F1774406500F54681 /* Foundation.framework in Frameworks */,
			);
			runOnlyForDeploymentPostprocessing = 0;
		};
/* End PBXFrameworksBuildPhase section */

/* Begin PBXGroup section */
		B40B3C93178E6393000A8C6A /* mirror */ = {
			isa = PBXGroup;
			children = (
				B40B3C94178E642E000A8C6A /* RemoteControlViewController.h */,
				B40B3C95178E642E000A8C6A /* RemoteControlViewController.m */,
				B40B3C96178E642E000A8C6A /* RemoteControlViewController.xib */,
			);
			path = mirror;
			sourceTree = "<group>";
		};
		B426FDA21779293000205904 /* utils */ = {
			isa = PBXGroup;
			children = (
				B426FDA31779294F00205904 /* Common.h */,
				B41AD9541779CE07005F455E /* URLUtils.h */,
				B41AD9551779CE07005F455E /* URLUtils.m */,
				B4A0D839177D477700157BB0 /* DataBase.h */,
				B4A0D83A177D477700157BB0 /* DataBase.m */,
				B46EC4F7177ED1EF00C6873B /* FontUtils.h */,
				B46EC4F8177ED1EF00C6873B /* FontUtils.m */,
				B4DD87691789A80100A82644 /* ReaderCacheManager.h */,
				B4DD876A1789A80100A82644 /* ReaderCacheManager.m */,
			);
			path = utils;
			sourceTree = "<group>";
		};
		B43188731795374C007E84DF /* task */ = {
			isa = PBXGroup;
			children = (
				B431887417953759007E84DF /* DownloadManager.h */,
				B431887517953759007E84DF /* DownloadManager.m */,
			);
			path = task;
			sourceTree = "<group>";
		};
		B43CC7091780262B009BFA2E /* BookShelf */ = {
			isa = PBXGroup;
			children = (
				B43CC750178027FF009BFA2E /* BookView.h */,
				B43CC75117802800009BFA2E /* BookView.m */,
				B43CC70A1780265A009BFA2E /* BelowBottomView.h */,
				B43CC70B1780265A009BFA2E /* BelowBottomView.m */,
				B43CC70C1780265A009BFA2E /* BookShelfCellView.h */,
				B43CC70D1780265A009BFA2E /* BookShelfCellView.m */,
			);
			path = BookShelf;
			sourceTree = "<group>";
		};
		B43CC716178026E1009BFA2E /* iBooks */ = {
			isa = PBXGroup;
			children = (
				B40B3C8C178D43AF000A8C6A /* airplay.png */,
				B40B3C8D178D43AF000A8C6A /* airplay@2x.png */,
				B4A68CD01783F72F00F650F5 /* slider-brightest-glyph.png */,
				B4A68CD11783F72F00F650F5 /* slider-brightest-glyph@2x.png */,
				B4466B03178432BF0077A1A6 /* ToC.png */,
				B4466B04178432BF0077A1A6 /* ToC@2x.png */,
				B4466B05178432BF0077A1A6 /* UISliderBrown.png */,
				B4466B06178432BF0077A1A6 /* UISliderBrown@2x.png */,
				B4A68CD21783F72F00F650F5 /* slider-dimmest-glyph.png */,
				B4A68CD31783F72F00F650F5 /* slider-dimmest-glyph@2x.png */,
				B4A68CCC1783F55600F650F5 /* font_selection_background.png */,
				B4A68CCD1783F55600F650F5 /* font_selection_background@2x.png */,
				B4A68C9D1783DEE300F650F5 /* AAglyp-iPhone-Landscape.png */,
				B4A68C9E1783DEE300F650F5 /* AAglyp-iPhone-Landscape@2x.png */,
				B4A68C9F1783DEE300F650F5 /* AAglyp-night-iPhone-Landscape.png */,
				B4A68CA01783DEE300F650F5 /* AAglyp-night-iPhone-Landscape@2x.png */,
				B4A68CA11783DEE300F650F5 /* AAglyp-night.png */,
				B4A68CA21783DEE300F650F5 /* AAglyp-night@2x.png */,
				B4A68CA31783DEE300F650F5 /* AAglyp.png */,
				B4A68CA41783DEE300F650F5 /* AAglyp@2x.png */,
				B47E10421781CA6B009DF30B /* WoodTile@2x~ipad.png */,
				B47E10431781CA6B009DF30B /* WoodTile@2x~iphone.png */,
				B47E10441781CA6B009DF30B /* WoodTile~ipad.png */,
				B47E10451781CA6B009DF30B /* WoodTile~iphone.png */,
				B43CC77917807147009BFA2E /* topshelf side shading-iPad.png */,
				B43CC77A17807149009BFA2E /* topshelf side shading-iPad@2x.png */,
				B43CC717178026E1009BFA2E /* NavBar-Landscape@2x~iphone.png */,
				B43CC718178026E1009BFA2E /* NavBar-Landscape~iphone.png */,
				B43CC719178026E1009BFA2E /* NavBar@2x~ipad.png */,
				B43CC71A178026E1009BFA2E /* NavBar@2x~iphone.png */,
				B43CC71B178026E1009BFA2E /* NavBar~ipad.png */,
				B43CC71C178026E1009BFA2E /* NavBar~iphone.png */,
				B43CC71D178026E1009BFA2E /* Shelf-Landscape-568h@2x~iphone.png */,
				B43CC71E178026E1009BFA2E /* Shelf-Landscape@2x~ipad.png */,
				B43CC71F178026E1009BFA2E /* Shelf-Landscape@2x~iphone.png */,
				B43CC720178026E1009BFA2E /* Shelf-Landscape~ipad.png */,
				B43CC721178026E1009BFA2E /* Shelf-Landscape~iphone.png */,
				B43CC722178026E1009BFA2E /* Shelf@2x~ipad.png */,
				B43CC723178026E1009BFA2E /* Shelf@2x~iphone.png */,
				B43CC724178026E1009BFA2E /* Shelf~ipad.png */,
				B43CC725178026E1009BFA2E /* Shelf~iphone.png */,
				B43CC726178026E1009BFA2E /* Side Shading-iPad.png */,
				B43CC727178026E1009BFA2E /* Side Shading-iPad@2x.png */,
				B43CC728178026E1009BFA2E /* Side Shading-iPhone.png */,
				B43CC729178026E1009BFA2E /* Side Shading-iPhone@2x.png */,
				B43CC72A178026E1009BFA2E /* topshelf side shading-iPhone.png */,
				B43CC72B178026E1009BFA2E /* topshelf side shading-iPhone@2x.png */,
			);
			path = iBooks;
			sourceTree = "<group>";
		};
		B458944E178AA70A004A5495 /* base */ = {
			isa = PBXGroup;
			children = (
				B458944F178AA730004A5495 /* JSONRequestTableViewController.h */,
				B4589450178AA730004A5495 /* JSONRequestTableViewController.m */,
			);
			path = base;
			sourceTree = "<group>";
		};
		B4589458178BFE73004A5495 /* nib */ = {
			isa = PBXGroup;
			children = (
				B4589459178BFE73004A5495 /* AboutViewController.xib */,
				B458945A178BFE73004A5495 /* BookInfoViewController.xib */,
				B458945B178BFE73004A5495 /* FontMenuViewController.xib */,
				B458945C178BFE73004A5495 /* SearchBookViewController.xib */,
				B458945D178BFE73004A5495 /* SectionReaderTableViewCell.xib */,
			);
			path = nib;
			sourceTree = "<group>";
		};
		B4589463178BFF05004A5495 /* custom */ = {
			isa = PBXGroup;
			children = (
				B46213A017A8F3D800B8A9DF /* YLLabel.h */,
				B46213A117A8F3D800B8A9DF /* YLLabel.m */,
				B40B3C90178E574E000A8C6A /* WindowSelectViewController.h */,
				B40B3C91178E574E000A8C6A /* WindowSelectViewController.m */,
				B4589464178BFF2A004A5495 /* SectionReaderTableViewCell.h */,
				B4589465178BFF2A004A5495 /* SectionReaderTableViewCell.m */,
			);
			path = custom;
			sourceTree = "<group>";
		};
		B46213B317AB4A2600B8A9DF /* en.lproj */ = {
			isa = PBXGroup;
			children = (
				B46213B417AB4A2600B8A9DF /* InfoPlist.strings */,
				B46213B617AB4A2600B8A9DF /* Localizable.strings */,
			);
			path = en.lproj;
			sourceTree = "<group>";
		};
		B46213BA17AB4A2600B8A9DF /* ja.lproj */ = {
			isa = PBXGroup;
			children = (
				B46213CD17AB4DC500B8A9DF /* InfoPlist.strings */,
				B46213BF17AB4A4500B8A9DF /* Localizable.strings */,
			);
			path = ja.lproj;
			sourceTree = "<group>";
		};
		B46213DA17AB4EAE00B8A9DF /* zh_CN.lproj */ = {
			isa = PBXGroup;
			children = (
				B46213DB17AB4EAF00B8A9DF /* InfoPlist.strings */,
				B46213DD17AB4EAF00B8A9DF /* Localizable.strings */,
			);
			path = zh_CN.lproj;
			sourceTree = "<group>";
		};
		B4A0D72A177D31CE00157BB0 /* lib */ = {
			isa = PBXGroup;
			children = (
			);
			path = lib;
			sourceTree = "<group>";
		};
		B4A0D83C177D4C5000157BB0 /* model */ = {
			isa = PBXGroup;
			children = (
				B4A0D83D177D4C6300157BB0 /* Book.h */,
				B4A0D83E177D4C6300157BB0 /* Book.m */,
				B4A0D840177D4C6F00157BB0 /* Section.h */,
				B4A0D841177D4C6F00157BB0 /* Section.m */,
				B4D4B9251781575D008BAA84 /* Bookmark.h */,
				B4D4B9261781575D008BAA84 /* Bookmark.m */,
			);
			path = model;
			sourceTree = "<group>";
		};
		B4A68C8F1782641C00F650F5 /* font */ = {
			isa = PBXGroup;
			children = (
				B4A68C941782867B00F650F5 /* FZLanTingHeiS-R-GB.TTF */,
			);
			name = font;
			path = xiaoshuoyuedu/font;
			sourceTree = "<group>";
		};
		B4EF67221774406400F54681 = {
			isa = PBXGroup;
			children = (
				B431888917955D32007E84DF /* libPods-xiaoshuoyuedu.a */,
				B4A68C8F1782641C00F650F5 /* font */,
				B4F93F6317744E7B0025A1E8 /* Images */,
				B4EF67341774406400F54681 /* xiaoshuoyuedu */,
				B4EF67521774406500F54681 /* xiaoshuoyueduTests */,
				B4EF672D1774406400F54681 /* Frameworks */,
				B4EF672C1774406400F54681 /* Products */,
				A965EBFEE1154A4E8219AEF0 /* Pods-xiaoshuoyuedu.xcconfig */,
			);
			sourceTree = "<group>";
		};
		B4EF672C1774406400F54681 /* Products */ = {
			isa = PBXGroup;
			children = (
				B4EF672B1774406400F54681 /* xiaoshuoyuedu.app */,
				B4EF674B1774406500F54681 /* xiaoshuoyueduTests.octest */,
			);
			name = Products;
			sourceTree = "<group>";
		};
		B4EF672D1774406400F54681 /* Frameworks */ = {
			isa = PBXGroup;
			children = (
				B4589456178BEBDE004A5495 /* Crashlytics.framework */,
				B46EC4FA177ED22600C6873B /* CoreText.framework */,
				B4E1A178177880D60068877C /* MobileCoreServices.framework */,
				B4E1A176177880CA0068877C /* SystemConfiguration.framework */,
				B4F93F8217744EEA0025A1E8 /* QuartzCore.framework */,
				B4EF672E1774406400F54681 /* UIKit.framework */,
				B4EF67301774406400F54681 /* Foundation.framework */,
				B4EF67321774406400F54681 /* CoreGraphics.framework */,
				B4EF674C1774406500F54681 /* SenTestingKit.framework */,
			);
			name = Frameworks;
			sourceTree = "<group>";
		};
		B4EF67341774406400F54681 /* xiaoshuoyuedu */ = {
			isa = PBXGroup;
			children = (
				B4A0D72A177D31CE00157BB0 /* lib */,
				B4F93F4C17744D790025A1E8 /* class */,
				B4EF673D1774406500F54681 /* AppDelegate.h */,
				B4EF673E1774406500F54681 /* AppDelegate.m */,
				B4EF67351774406400F54681 /* Supporting Files */,
			);
			path = xiaoshuoyuedu;
			sourceTree = "<group>";
		};
		B4EF67351774406400F54681 /* Supporting Files */ = {
			isa = PBXGroup;
			children = (
				B46213CB17AB4DAA00B8A9DF /* xiaoshuoyuedu-Info.plist */,
				B46213DA17AB4EAE00B8A9DF /* zh_CN.lproj */,
				B46213B317AB4A2600B8A9DF /* en.lproj */,
				B46213BA17AB4A2600B8A9DF /* ja.lproj */,
				B46213AC17AB45AE00B8A9DF /* Localizable.strings */,
				B4EF67371774406400F54681 /* InfoPlist.strings */,
				B4EF673A1774406500F54681 /* main.m */,
				B4EF673C1774406500F54681 /* xiaoshuoyuedu-Prefix.pch */,
			);
			name = "Supporting Files";
			sourceTree = "<group>";
		};
		B4EF67521774406500F54681 /* xiaoshuoyueduTests */ = {
			isa = PBXGroup;
			children = (
				B4EF67581774406500F54681 /* xiaoshuoyueduTests.h */,
				B4EF67591774406500F54681 /* xiaoshuoyueduTests.m */,
				B4EF67531774406500F54681 /* Supporting Files */,
			);
			path = xiaoshuoyueduTests;
			sourceTree = "<group>";
		};
		B4EF67531774406500F54681 /* Supporting Files */ = {
			isa = PBXGroup;
			children = (
				B4EF67541774406500F54681 /* xiaoshuoyueduTests-Info.plist */,
				B4EF67551774406500F54681 /* InfoPlist.strings */,
			);
			name = "Supporting Files";
			sourceTree = "<group>";
		};
		B4F93F4C17744D790025A1E8 /* class */ = {
			isa = PBXGroup;
			children = (
				B43188731795374C007E84DF /* task */,
				B4A0D83C177D4C5000157BB0 /* model */,
				B426FDA21779293000205904 /* utils */,
				B4F93F4D17744D790025A1E8 /* ui */,
			);
			path = class;
			sourceTree = "<group>";
		};
		B4F93F4D17744D790025A1E8 /* ui */ = {
			isa = PBXGroup;
			children = (
				B40B3C93178E6393000A8C6A /* mirror */,
				B4589463178BFF05004A5495 /* custom */,
				B4589458178BFE73004A5495 /* nib */,
				B458944E178AA70A004A5495 /* base */,
				B43CC7091780262B009BFA2E /* BookShelf */,
				B4DD87641789A15700A82644 /* AboutViewController.h */,
				B4DD87651789A15700A82644 /* AboutViewController.m */,
				B4F93F4E17744D790025A1E8 /* MSMasterViewController.h */,
				B4F93F4F17744D790025A1E8 /* MSMasterViewController.m */,
				B4E1A17117787B250068877C /* SearchBookViewController.h */,
				B4E1A17217787B250068877C /* SearchBookViewController.m */,
				B41AD94F1779C9C0005F455E /* BookInfoViewController.h */,
				B41AD9501779C9C0005F455E /* BookInfoViewController.m */,
				B4A0D720177C261B00157BB0 /* RankViewController.h */,
				B4A0D721177C261B00157BB0 /* RankViewController.m */,
				B46EC4E1177C6B3400C6873B /* CategoryViewController.h */,
				B46EC4E2177C6B3400C6873B /* CategoryViewController.m */,
				B46EC4E6177C6EA800C6873B /* CategoryResultViewController.h */,
				B46EC4E7177C6EA800C6873B /* CategoryResultViewController.m */,
				B4A0D843177D85C800157BB0 /* BookShelfViewController.h */,
				B4A0D844177D85C900157BB0 /* BookShelfViewController.m */,
				B46EC4EE177EBA4600C6873B /* MSReaderViewController.h */,
				B46EC4EF177EBA4700C6873B /* MSReaderViewController.m */,
				B46EC4F1177EC70200C6873B /* SectionReaderTableViewController.h */,
				B46EC4F2177EC70300C6873B /* SectionReaderTableViewController.m */,
				B4A68CC71783F41200F650F5 /* FontMenuViewController.h */,
				B4A68CC81783F41200F650F5 /* FontMenuViewController.m */,
			);
			path = ui;
			sourceTree = "<group>";
		};
		B4F93F6317744E7B0025A1E8 /* Images */ = {
			isa = PBXGroup;
			children = (
				B43CC716178026E1009BFA2E /* iBooks */,
				B454F020178176EF0026C113 /* Default-568h@2x~iphone.png */,
				B4D5C893178FCF8300568415 /* sync_btn.png */,
				B4D5C894178FCF8300568415 /* sync_btn@2x.png */,
				B454F021178176EF0026C113 /* Default-Landscape.png */,
				B4A68C9B1783D6D200F650F5 /* WoodCell.png */,
				B454F022178176EF0026C113 /* Default-Landscape@2x.png */,
				B47E104B17880091009DF30B /* btn_style1.png */,
				B47E104D17880091009DF30B /* btn_style2.png */,
				B47E104F17880091009DF30B /* btn_style3.png */,
				B47E105117880091009DF30B /* btn_style4.png */,
				B47E105317880091009DF30B /* btn_style5.png */,
				B47E105517880091009DF30B /* btn_style6.png */,
				B454F023178176EF0026C113 /* Default.png */,
				B454F024178176EF0026C113 /* Default@2x.png */,
				B47E103D1781B6D5009DF30B /* checkmark-current.png */,
				B454F025178176EF0026C113 /* Default@2x~iphone.png */,
				B454F026178176EF0026C113 /* Default~iphone.png */,
				B43CC77517806BD3009BFA2E /* placeholder.png */,
				B43CC745178026E9009BFA2E /* BookShelfCell.png */,
				B4D4B92117815220008BAA84 /* badge.png */,
				B4D4B92217815220008BAA84 /* badge@2x.png */,
				B43CC77F1780759A009BFA2E /* shelf_delete.png */,
				B43CC7801780759B009BFA2E /* shelf_delete@2x.png */,
				B43CC746178026E9009BFA2E /* BookShelfCell@2x.png */,
				B46EC538178006AA00C6873B /* bookshelf_edit.png */,
				B46EC539178006AA00C6873B /* bookshelf_edit@2x.png */,
				B46EC53A178006AA00C6873B /* bookshelf_ok.png */,
				B46EC53B178006AA00C6873B /* bookshelf_ok@2x.png */,
				B46EC5341780034C00C6873B /* bookshelf_update.png */,
				B46EC5351780034C00C6873B /* bookshelf_update@2x.png */,
				B46EC530177FFC8200C6873B /* navigation_bar_bg.png */,
				B46EC531177FFC8200C6873B /* navigation_bar_bg@2x.png */,
				B46EC52C177FED6000C6873B /* Icon.png */,
				B46EC52D177FED6100C6873B /* Icon@2x.png */,
				B46EC526177FBD1E00C6873B /* sync.png */,
				B46EC524177FBC7000C6873B /* checkmark.png */,
				B4F93F7117744E7B0025A1E8 /* MSBarButtonIconNavigationPane.png */,
				B4F93F7217744E7B0025A1E8 /* MSBarButtonIconNavigationPane@2x.png */,
			);
			name = Images;
			path = xiaoshuoyuedu/Images;
			sourceTree = "<group>";
		};
/* End PBXGroup section */

/* Begin PBXNativeTarget section */
		B4EF672A1774406400F54681 /* xiaoshuoyuedu */ = {
			isa = PBXNativeTarget;
			buildConfigurationList = B4EF675D1774406500F54681 /* Build configuration list for PBXNativeTarget "xiaoshuoyuedu" */;
			buildPhases = (
				2A7A5B7F03924128B76B54C7 /* Check Pods Manifest.lock */,
				B4EF67271774406400F54681 /* Sources */,
				B4EF67281774406400F54681 /* Frameworks */,
				B4EF67291774406400F54681 /* Resources */,
				34993AD69EFC43E98DD3CD09 /* Copy Pods Resources */,
				B4589455178BEBB5004A5495 /* ShellScript */,
			);
			buildRules = (
			);
			dependencies = (
			);
			name = xiaoshuoyuedu;
			productName = xiaoshuoyuedu;
			productReference = B4EF672B1774406400F54681 /* xiaoshuoyuedu.app */;
			productType = "com.apple.product-type.application";
		};
		B4EF674A1774406500F54681 /* xiaoshuoyueduTests */ = {
			isa = PBXNativeTarget;
			buildConfigurationList = B4EF67601774406500F54681 /* Build configuration list for PBXNativeTarget "xiaoshuoyueduTests" */;
			buildPhases = (
				B4EF67461774406500F54681 /* Sources */,
				B4EF67471774406500F54681 /* Frameworks */,
				B4EF67481774406500F54681 /* Resources */,
				B4EF67491774406500F54681 /* ShellScript */,
			);
			buildRules = (
			);
			dependencies = (
				B4EF67511774406500F54681 /* PBXTargetDependency */,
			);
			name = xiaoshuoyueduTests;
			productName = xiaoshuoyueduTests;
			productReference = B4EF674B1774406500F54681 /* xiaoshuoyueduTests.octest */;
			productType = "com.apple.product-type.bundle";
		};
/* End PBXNativeTarget section */

/* Begin PBXProject section */
		B4EF67231774406400F54681 /* Project object */ = {
			isa = PBXProject;
			attributes = {
				LastUpgradeCheck = 0460;
				ORGANIZATIONNAME = "Yangyang Zhao";
			};
			buildConfigurationList = B4EF67261774406400F54681 /* Build configuration list for PBXProject "xiaoshuoyuedu" */;
			compatibilityVersion = "Xcode 3.2";
			developmentRegion = English;
			hasScannedForEncodings = 0;
			knownRegions = (
				en,
				ja,
				zh,
				"zh-CN",
				zh_CN,
			);
			mainGroup = B4EF67221774406400F54681;
			productRefGroup = B4EF672C1774406400F54681 /* Products */;
			projectDirPath = "";
			projectRoot = "";
			targets = (
				B4EF672A1774406400F54681 /* xiaoshuoyuedu */,
				B4EF674A1774406500F54681 /* xiaoshuoyueduTests */,
			);
		};
/* End PBXProject section */

/* Begin PBXResourcesBuildPhase section */
		B4EF67291774406400F54681 /* Resources */ = {
			isa = PBXResourcesBuildPhase;
			buildActionMask = 2147483647;
			files = (
				B4F93F8117744E7B0025A1E8 /* MSBarButtonIconNavigationPane@2x.png in Resources */,
				B4F93F8017744E7B0025A1E8 /* MSBarButtonIconNavigationPane.png in Resources */,
				B4EF67391774406400F54681 /* InfoPlist.strings in Resources */,
				B46EC525177FBC7000C6873B /* checkmark.png in Resources */,
				B46EC527177FBD1E00C6873B /* sync.png in Resources */,
				B46EC52E177FED6100C6873B /* Icon.png in Resources */,
				B46EC52F177FED6100C6873B /* Icon@2x.png in Resources */,
				B46EC532177FFC8200C6873B /* navigation_bar_bg.png in Resources */,
				B46EC533177FFC8200C6873B /* navigation_bar_bg@2x.png in Resources */,
				B46EC5361780034C00C6873B /* bookshelf_update.png in Resources */,
				B46EC5371780034C00C6873B /* bookshelf_update@2x.png in Resources */,
				B46EC53C178006AA00C6873B /* bookshelf_edit.png in Resources */,
				B46EC53D178006AA00C6873B /* bookshelf_edit@2x.png in Resources */,
				B46EC53E178006AA00C6873B /* bookshelf_ok.png in Resources */,
				B46EC53F178006AA00C6873B /* bookshelf_ok@2x.png in Resources */,
				B43CC72E178026E1009BFA2E /* NavBar-Landscape@2x~iphone.png in Resources */,
				B43CC72F178026E1009BFA2E /* NavBar-Landscape~iphone.png in Resources */,
				B43CC730178026E1009BFA2E /* NavBar@2x~ipad.png in Resources */,
				B43CC731178026E1009BFA2E /* NavBar@2x~iphone.png in Resources */,
				B43CC732178026E1009BFA2E /* NavBar~ipad.png in Resources */,
				B43CC733178026E1009BFA2E /* NavBar~iphone.png in Resources */,
				B43CC734178026E1009BFA2E /* Shelf-Landscape-568h@2x~iphone.png in Resources */,
				B43CC735178026E1009BFA2E /* Shelf-Landscape@2x~ipad.png in Resources */,
				B43CC736178026E1009BFA2E /* Shelf-Landscape@2x~iphone.png in Resources */,
				B43CC737178026E1009BFA2E /* Shelf-Landscape~ipad.png in Resources */,
				B43CC738178026E1009BFA2E /* Shelf-Landscape~iphone.png in Resources */,
				B43CC739178026E1009BFA2E /* Shelf@2x~ipad.png in Resources */,
				B43CC73A178026E1009BFA2E /* Shelf@2x~iphone.png in Resources */,
				B43CC73B178026E1009BFA2E /* Shelf~ipad.png in Resources */,
				B43CC73C178026E1009BFA2E /* Shelf~iphone.png in Resources */,
				B43CC73D178026E1009BFA2E /* Side Shading-iPad.png in Resources */,
				B43CC73E178026E1009BFA2E /* Side Shading-iPad@2x.png in Resources */,
				B43CC73F178026E1009BFA2E /* Side Shading-iPhone.png in Resources */,
				B43CC740178026E1009BFA2E /* Side Shading-iPhone@2x.png in Resources */,
				B43CC741178026E1009BFA2E /* topshelf side shading-iPhone.png in Resources */,
				B43CC742178026E1009BFA2E /* topshelf side shading-iPhone@2x.png in Resources */,
				B43CC749178026E9009BFA2E /* BookShelfCell.png in Resources */,
				B43CC74A178026E9009BFA2E /* BookShelfCell@2x.png in Resources */,
				B43CC77717806C09009BFA2E /* placeholder.png in Resources */,
				B43CC77B1780714A009BFA2E /* topshelf side shading-iPad.png in Resources */,
				B43CC77C1780714A009BFA2E /* topshelf side shading-iPad@2x.png in Resources */,
				B43CC7811780759C009BFA2E /* shelf_delete.png in Resources */,
				B43CC7821780759C009BFA2E /* shelf_delete@2x.png in Resources */,
				B4D4B92317815220008BAA84 /* badge.png in Resources */,
				B4D4B92417815220008BAA84 /* badge@2x.png in Resources */,
				B454F027178176EF0026C113 /* Default-568h@2x~iphone.png in Resources */,
				B454F028178176EF0026C113 /* Default-Landscape.png in Resources */,
				B454F029178176EF0026C113 /* Default-Landscape@2x.png in Resources */,
				B454F02A178176EF0026C113 /* Default.png in Resources */,
				B454F02B178176EF0026C113 /* Default@2x.png in Resources */,
				B454F02C178176EF0026C113 /* Default@2x~iphone.png in Resources */,
				B454F02D178176EF0026C113 /* Default~iphone.png in Resources */,
				B47E103E1781B6D5009DF30B /* checkmark-current.png in Resources */,
				B47E10461781CA6B009DF30B /* WoodTile@2x~ipad.png in Resources */,
				B47E10471781CA6B009DF30B /* WoodTile@2x~iphone.png in Resources */,
				B47E10481781CA6B009DF30B /* WoodTile~ipad.png in Resources */,
				B47E10491781CA6B009DF30B /* WoodTile~iphone.png in Resources */,
				B4A68C951782867B00F650F5 /* FZLanTingHeiS-R-GB.TTF in Resources */,
				B4A68C9C1783D6D200F650F5 /* WoodCell.png in Resources */,
				B4A68CA51783DEE300F650F5 /* AAglyp-iPhone-Landscape.png in Resources */,
				B4A68CA61783DEE300F650F5 /* AAglyp-iPhone-Landscape@2x.png in Resources */,
				B4A68CA71783DEE300F650F5 /* AAglyp-night-iPhone-Landscape.png in Resources */,
				B4A68CA81783DEE300F650F5 /* AAglyp-night-iPhone-Landscape@2x.png in Resources */,
				B4A68CA91783DEE300F650F5 /* AAglyp-night.png in Resources */,
				B4A68CAA1783DEE300F650F5 /* AAglyp-night@2x.png in Resources */,
				B4A68CAB1783DEE300F650F5 /* AAglyp.png in Resources */,
				B4A68CAC1783DEE300F650F5 /* AAglyp@2x.png in Resources */,
				B4A68CCE1783F55600F650F5 /* font_selection_background.png in Resources */,
				B4A68CCF1783F55600F650F5 /* font_selection_background@2x.png in Resources */,
				B4A68CD41783F72F00F650F5 /* slider-brightest-glyph.png in Resources */,
				B4A68CD51783F72F00F650F5 /* slider-brightest-glyph@2x.png in Resources */,
				B4A68CD61783F72F00F650F5 /* slider-dimmest-glyph.png in Resources */,
				B4A68CD71783F72F00F650F5 /* slider-dimmest-glyph@2x.png in Resources */,
				B4466B07178432BF0077A1A6 /* ToC.png in Resources */,
				B4466B08178432BF0077A1A6 /* ToC@2x.png in Resources */,
				B4466B09178432BF0077A1A6 /* UISliderBrown.png in Resources */,
				B4466B0A178432BF0077A1A6 /* UISliderBrown@2x.png in Resources */,
				B47E105717880091009DF30B /* btn_style1.png in Resources */,
				B47E105917880091009DF30B /* btn_style2.png in Resources */,
				B47E105B17880091009DF30B /* btn_style3.png in Resources */,
				B47E105D17880091009DF30B /* btn_style4.png in Resources */,
				B47E105F17880091009DF30B /* btn_style5.png in Resources */,
				B47E106117880091009DF30B /* btn_style6.png in Resources */,
				B458945E178BFE73004A5495 /* AboutViewController.xib in Resources */,
				B458945F178BFE73004A5495 /* BookInfoViewController.xib in Resources */,
				B4589460178BFE73004A5495 /* FontMenuViewController.xib in Resources */,
				B4589461178BFE73004A5495 /* SearchBookViewController.xib in Resources */,
				B4589462178BFE73004A5495 /* SectionReaderTableViewCell.xib in Resources */,
				B40B3C8E178D43AF000A8C6A /* airplay.png in Resources */,
				B40B3C8F178D43AF000A8C6A /* airplay@2x.png in Resources */,
				B40B3C98178E642E000A8C6A /* RemoteControlViewController.xib in Resources */,
				B4D5C895178FCF8300568415 /* sync_btn.png in Resources */,
				B4D5C896178FCF8300568415 /* sync_btn@2x.png in Resources */,
				B46213AE17AB45AE00B8A9DF /* Localizable.strings in Resources */,
				B46213BC17AB4A2600B8A9DF /* InfoPlist.strings in Resources */,
				B46213BD17AB4A2600B8A9DF /* Localizable.strings in Resources */,
				B46213C117AB4A4500B8A9DF /* Localizable.strings in Resources */,
				B46213CC17AB4DAA00B8A9DF /* xiaoshuoyuedu-Info.plist in Resources */,
				B46213CF17AB4DC500B8A9DF /* InfoPlist.strings in Resources */,
				B46213DF17AB4EAF00B8A9DF /* InfoPlist.strings in Resources */,
				B46213E017AB4EAF00B8A9DF /* Localizable.strings in Resources */,
			);
			runOnlyForDeploymentPostprocessing = 0;
		};
		B4EF67481774406500F54681 /* Resources */ = {
			isa = PBXResourcesBuildPhase;
			buildActionMask = 2147483647;
			files = (
				B4EF67571774406500F54681 /* InfoPlist.strings in Resources */,
			);
			runOnlyForDeploymentPostprocessing = 0;
		};
/* End PBXResourcesBuildPhase section */

/* Begin PBXShellScriptBuildPhase section */
		2A7A5B7F03924128B76B54C7 /* Check Pods Manifest.lock */ = {
			isa = PBXShellScriptBuildPhase;
			buildActionMask = 2147483647;
			files = (
			);
			inputPaths = (
			);
			name = "Check Pods Manifest.lock";
			outputPaths = (
			);
			runOnlyForDeploymentPostprocessing = 0;
			shellPath = /bin/sh;
			shellScript = "diff \"${PODS_ROOT}/../Podfile.lock\" \"${PODS_ROOT}/Manifest.lock\" > /dev/null\nif [[ $? != 0 ]] ; then\n    cat << EOM\nerror: The sandbox is not in sync with the Podfile.lock. Run 'pod install' or update your CocoaPods installation.\nEOM\n    exit 1\nfi\n";
		};
		34993AD69EFC43E98DD3CD09 /* Copy Pods Resources */ = {
			isa = PBXShellScriptBuildPhase;
			buildActionMask = 2147483647;
			files = (
			);
			inputPaths = (
			);
			name = "Copy Pods Resources";
			outputPaths = (
			);
			runOnlyForDeploymentPostprocessing = 0;
			shellPath = /bin/sh;
			shellScript = "\"${SRCROOT}/Pods/Pods-xiaoshuoyuedu-resources.sh\"\n";
		};
		B4589455178BEBB5004A5495 /* ShellScript */ = {
			isa = PBXShellScriptBuildPhase;
			buildActionMask = 2147483647;
			files = (
			);
			inputPaths = (
			);
			outputPaths = (
			);
			runOnlyForDeploymentPostprocessing = 0;
			shellPath = /bin/sh;
			shellScript = "./Crashlytics.framework/run 8946d07e106863f557b755bb244b513a82a3f788";
		};
		B4EF67491774406500F54681 /* ShellScript */ = {
			isa = PBXShellScriptBuildPhase;
			buildActionMask = 2147483647;
			files = (
			);
			inputPaths = (
			);
			outputPaths = (
			);
			runOnlyForDeploymentPostprocessing = 0;
			shellPath = /bin/sh;
			shellScript = "# Run the unit tests in this test bundle.\n\"${SYSTEM_DEVELOPER_DIR}/Tools/RunUnitTests\"\n";
		};
/* End PBXShellScriptBuildPhase section */

/* Begin PBXSourcesBuildPhase section */
		B4EF67271774406400F54681 /* Sources */ = {
			isa = PBXSourcesBuildPhase;
			buildActionMask = 2147483647;
			files = (
				B4F93F6217744DC40025A1E8 /* MSMasterViewController.m in Sources */,
				B4EF673B1774406500F54681 /* main.m in Sources */,
				B4EF673F1774406500F54681 /* AppDelegate.m in Sources */,
				B4E1A17417787B260068877C /* SearchBookViewController.m in Sources */,
				B41AD9521779C9C0005F455E /* BookInfoViewController.m in Sources */,
				B41AD9561779CE07005F455E /* URLUtils.m in Sources */,
				B4A0D723177C261B00157BB0 /* RankViewController.m in Sources */,
				B46EC4E4177C6B3400C6873B /* CategoryViewController.m in Sources */,
				B46EC4E8177C6EA800C6873B /* CategoryResultViewController.m in Sources */,
				B4A0D83B177D477700157BB0 /* DataBase.m in Sources */,
				B4A0D83F177D4C6300157BB0 /* Book.m in Sources */,
				B4A0D842177D4C6F00157BB0 /* Section.m in Sources */,
				B4A0D845177D85C900157BB0 /* BookShelfViewController.m in Sources */,
				B46EC4F0177EBA4900C6873B /* MSReaderViewController.m in Sources */,
				B46EC4F3177EC70500C6873B /* SectionReaderTableViewController.m in Sources */,
				B46EC4F9177ED1EF00C6873B /* FontUtils.m in Sources */,
				B43CC7121780265A009BFA2E /* BelowBottomView.m in Sources */,
				B43CC7131780265A009BFA2E /* BookShelfCellView.m in Sources */,
				B43CC75417802801009BFA2E /* BookView.m in Sources */,
				B4D4B9271781575D008BAA84 /* Bookmark.m in Sources */,
				B4A68CCA1783F41300F650F5 /* FontMenuViewController.m in Sources */,
				B4DD87671789A15800A82644 /* AboutViewController.m in Sources */,
				B4DD876B1789A80100A82644 /* ReaderCacheManager.m in Sources */,
				B4589451178AA730004A5495 /* JSONRequestTableViewController.m in Sources */,
				B4589466178BFF2A004A5495 /* SectionReaderTableViewCell.m in Sources */,
				B40B3C92178E574E000A8C6A /* WindowSelectViewController.m in Sources */,
				B40B3C97178E642E000A8C6A /* RemoteControlViewController.m in Sources */,
				B431887617953759007E84DF /* DownloadManager.m in Sources */,
				B46213A217A8F3D800B8A9DF /* YLLabel.m in Sources */,
			);
			runOnlyForDeploymentPostprocessing = 0;
		};
		B4EF67461774406500F54681 /* Sources */ = {
			isa = PBXSourcesBuildPhase;
			buildActionMask = 2147483647;
			files = (
				B4EF675A1774406500F54681 /* xiaoshuoyueduTests.m in Sources */,
			);
			runOnlyForDeploymentPostprocessing = 0;
		};
/* End PBXSourcesBuildPhase section */

/* Begin PBXTargetDependency section */
		B4EF67511774406500F54681 /* PBXTargetDependency */ = {
			isa = PBXTargetDependency;
			target = B4EF672A1774406400F54681 /* xiaoshuoyuedu */;
			targetProxy = B4EF67501774406500F54681 /* PBXContainerItemProxy */;
		};
/* End PBXTargetDependency section */

/* Begin PBXVariantGroup section */
		B46213AC17AB45AE00B8A9DF /* Localizable.strings */ = {
			isa = PBXVariantGroup;
			children = (
				B46213AD17AB45AE00B8A9DF /* en */,
			);
			name = Localizable.strings;
			sourceTree = "<group>";
		};
		B46213B417AB4A2600B8A9DF /* InfoPlist.strings */ = {
			isa = PBXVariantGroup;
			children = (
				B46213B517AB4A2600B8A9DF /* en */,
			);
			name = InfoPlist.strings;
			sourceTree = "<group>";
		};
		B46213B617AB4A2600B8A9DF /* Localizable.strings */ = {
			isa = PBXVariantGroup;
			children = (
				B46213B717AB4A2600B8A9DF /* en */,
			);
			name = Localizable.strings;
			sourceTree = "<group>";
		};
		B46213BF17AB4A4500B8A9DF /* Localizable.strings */ = {
			isa = PBXVariantGroup;
			children = (
				B46213C017AB4A4500B8A9DF /* ja */,
			);
			name = Localizable.strings;
			sourceTree = "<group>";
		};
		B46213CD17AB4DC500B8A9DF /* InfoPlist.strings */ = {
			isa = PBXVariantGroup;
			children = (
				B46213CE17AB4DC500B8A9DF /* ja */,
			);
			name = InfoPlist.strings;
			sourceTree = "<group>";
		};
		B46213DB17AB4EAF00B8A9DF /* InfoPlist.strings */ = {
			isa = PBXVariantGroup;
			children = (
				B46213DC17AB4EAF00B8A9DF /* zh_CN */,
			);
			name = InfoPlist.strings;
			sourceTree = "<group>";
		};
		B46213DD17AB4EAF00B8A9DF /* Localizable.strings */ = {
			isa = PBXVariantGroup;
			children = (
				B46213DE17AB4EAF00B8A9DF /* zh_CN */,
			);
			name = Localizable.strings;
			sourceTree = "<group>";
		};
		B4EF67371774406400F54681 /* InfoPlist.strings */ = {
			isa = PBXVariantGroup;
			children = (
				B4EF67381774406400F54681 /* en */,
			);
			name = InfoPlist.strings;
			sourceTree = "<group>";
		};
		B4EF67551774406500F54681 /* InfoPlist.strings */ = {
			isa = PBXVariantGroup;
			children = (
				B4EF67561774406500F54681 /* en */,
			);
			name = InfoPlist.strings;
			sourceTree = "<group>";
		};
/* End PBXVariantGroup section */

/* Begin XCBuildConfiguration section */
		B43188771795585D007E84DF /* Ad-Hoc */ = {
			isa = XCBuildConfiguration;
			buildSettings = {
				ALWAYS_SEARCH_USER_PATHS = NO;
				CLANG_CXX_LANGUAGE_STANDARD = "gnu++0x";
				CLANG_CXX_LIBRARY = "libc++";
				CLANG_ENABLE_OBJC_ARC = YES;
				CLANG_WARN_CONSTANT_CONVERSION = YES;
				CLANG_WARN_EMPTY_BODY = YES;
				CLANG_WARN_ENUM_CONVERSION = YES;
				CLANG_WARN_INT_CONVERSION = YES;
				CLANG_WARN__DUPLICATE_METHOD_MATCH = YES;
				CODE_SIGN_IDENTITY = "iPhone Distribution: Tomoya Ohde";
				"CODE_SIGN_IDENTITY[sdk=iphoneos*]" = "iPhone Distribution: Tomoya Ohde";
				COPY_PHASE_STRIP = YES;
				GCC_C_LANGUAGE_STANDARD = gnu99;
				GCC_WARN_ABOUT_RETURN_TYPE = YES;
				GCC_WARN_UNINITIALIZED_AUTOS = YES;
				GCC_WARN_UNUSED_VARIABLE = YES;
				IPHONEOS_DEPLOYMENT_TARGET = 6.0;
				OTHER_CFLAGS = "-DNS_BLOCK_ASSERTIONS=1";
				PROVISIONING_PROFILE = "01C8838B-49DB-42C9-A939-2A896CC981AD";
				"PROVISIONING_PROFILE[sdk=iphoneos*]" = "01C8838B-49DB-42C9-A939-2A896CC981AD";
				SDKROOT = iphoneos;
				TARGETED_DEVICE_FAMILY = "1,2";
				VALIDATE_PRODUCT = YES;
			};
			name = "Ad-Hoc";
		};
		B43188781795585D007E84DF /* Ad-Hoc */ = {
			isa = XCBuildConfiguration;
			baseConfigurationReference = A965EBFEE1154A4E8219AEF0 /* Pods-xiaoshuoyuedu.xcconfig */;
			buildSettings = {
				CODE_SIGN_IDENTITY = "iPhone Distribution: Tomoya Ohde";
				"CODE_SIGN_IDENTITY[sdk=iphoneos*]" = "iPhone Distribution: Tomoya Ohde";
				FRAMEWORK_SEARCH_PATHS = (
					"$(inherited)",
					"\"$(SRCROOT)\"",
				);
				GCC_PRECOMPILE_PREFIX_HEADER = YES;
				GCC_PREFIX_HEADER = "xiaoshuoyuedu/xiaoshuoyuedu-Prefix.pch";
				HEADER_SEARCH_PATHS = "${HEADER_SEARCH_PATHS}";
				INFOPLIST_FILE = "xiaoshuoyuedu/xiaoshuoyuedu-Info.plist";
				IPHONEOS_DEPLOYMENT_TARGET = 6.0;
				LIBRARY_SEARCH_PATHS = (
					"$(inherited)",
					"\"$(SRCROOT)/xiaoshuoyuedu/lib\"",
				);
				PRODUCT_NAME = "$(TARGET_NAME)";
				PROVISIONING_PROFILE = "01C8838B-49DB-42C9-A939-2A896CC981AD";
				"PROVISIONING_PROFILE[sdk=iphoneos*]" = "01C8838B-49DB-42C9-A939-2A896CC981AD";
				WRAPPER_EXTENSION = app;
			};
			name = "Ad-Hoc";
		};
		B43188791795585D007E84DF /* Ad-Hoc */ = {
			isa = XCBuildConfiguration;
			buildSettings = {
				BUNDLE_LOADER = "$(BUILT_PRODUCTS_DIR)/xiaoshuoyuedu.app/xiaoshuoyuedu";
				FRAMEWORK_SEARCH_PATHS = (
					"\"$(SDKROOT)/Developer/Library/Frameworks\"",
					"\"$(DEVELOPER_LIBRARY_DIR)/Frameworks\"",
				);
				GCC_PRECOMPILE_PREFIX_HEADER = YES;
				GCC_PREFIX_HEADER = "xiaoshuoyuedu/xiaoshuoyuedu-Prefix.pch";
				INFOPLIST_FILE = "xiaoshuoyueduTests/xiaoshuoyueduTests-Info.plist";
				PRODUCT_NAME = "$(TARGET_NAME)";
				TEST_HOST = "$(BUNDLE_LOADER)";
				WRAPPER_EXTENSION = octest;
			};
			name = "Ad-Hoc";
		};
		B4EF675B1774406500F54681 /* Debug */ = {
			isa = XCBuildConfiguration;
			buildSettings = {
				ALWAYS_SEARCH_USER_PATHS = NO;
				CLANG_CXX_LANGUAGE_STANDARD = "gnu++0x";
				CLANG_CXX_LIBRARY = "libc++";
				CLANG_ENABLE_OBJC_ARC = YES;
				CLANG_WARN_CONSTANT_CONVERSION = YES;
				CLANG_WARN_EMPTY_BODY = YES;
				CLANG_WARN_ENUM_CONVERSION = YES;
				CLANG_WARN_INT_CONVERSION = YES;
				CLANG_WARN__DUPLICATE_METHOD_MATCH = YES;
				"CODE_SIGN_IDENTITY[sdk=iphoneos*]" = "iPhone Developer";
				COPY_PHASE_STRIP = NO;
				GCC_C_LANGUAGE_STANDARD = gnu99;
				GCC_DYNAMIC_NO_PIC = NO;
				GCC_OPTIMIZATION_LEVEL = 0;
				GCC_PREPROCESSOR_DEFINITIONS = (
					"DEBUG=1",
					"$(inherited)",
				);
				GCC_SYMBOLS_PRIVATE_EXTERN = NO;
				GCC_WARN_ABOUT_RETURN_TYPE = YES;
				GCC_WARN_UNINITIALIZED_AUTOS = YES;
				GCC_WARN_UNUSED_VARIABLE = YES;
				IPHONEOS_DEPLOYMENT_TARGET = 6.0;
				ONLY_ACTIVE_ARCH = YES;
				SDKROOT = iphoneos;
				TARGETED_DEVICE_FAMILY = "1,2";
			};
			name = Debug;
		};
		B4EF675C1774406500F54681 /* Release */ = {
			isa = XCBuildConfiguration;
			buildSettings = {
				ALWAYS_SEARCH_USER_PATHS = NO;
				CLANG_CXX_LANGUAGE_STANDARD = "gnu++0x";
				CLANG_CXX_LIBRARY = "libc++";
				CLANG_ENABLE_OBJC_ARC = YES;
				CLANG_WARN_CONSTANT_CONVERSION = YES;
				CLANG_WARN_EMPTY_BODY = YES;
				CLANG_WARN_ENUM_CONVERSION = YES;
				CLANG_WARN_INT_CONVERSION = YES;
				CLANG_WARN__DUPLICATE_METHOD_MATCH = YES;
				"CODE_SIGN_IDENTITY[sdk=iphoneos*]" = "iPhone Developer";
				COPY_PHASE_STRIP = YES;
				GCC_C_LANGUAGE_STANDARD = gnu99;
				GCC_WARN_ABOUT_RETURN_TYPE = YES;
				GCC_WARN_UNINITIALIZED_AUTOS = YES;
				GCC_WARN_UNUSED_VARIABLE = YES;
				IPHONEOS_DEPLOYMENT_TARGET = 6.0;
				OTHER_CFLAGS = "-DNS_BLOCK_ASSERTIONS=1";
				SDKROOT = iphoneos;
				TARGETED_DEVICE_FAMILY = "1,2";
				VALIDATE_PRODUCT = YES;
			};
			name = Release;
		};
		B4EF675E1774406500F54681 /* Debug */ = {
			isa = XCBuildConfiguration;
			baseConfigurationReference = A965EBFEE1154A4E8219AEF0 /* Pods-xiaoshuoyuedu.xcconfig */;
			buildSettings = {
				CODE_SIGN_IDENTITY = "iPhone Developer";
				"CODE_SIGN_IDENTITY[sdk=iphoneos*]" = "iPhone Developer";
				FRAMEWORK_SEARCH_PATHS = (
					"$(inherited)",
					"\"$(SRCROOT)\"",
				);
				GCC_PRECOMPILE_PREFIX_HEADER = YES;
				GCC_PREFIX_HEADER = "xiaoshuoyuedu/xiaoshuoyuedu-Prefix.pch";
				HEADER_SEARCH_PATHS = "${HEADER_SEARCH_PATHS}";
				INFOPLIST_FILE = "xiaoshuoyuedu/xiaoshuoyuedu-Info.plist";
				IPHONEOS_DEPLOYMENT_TARGET = 6.0;
				LIBRARY_SEARCH_PATHS = (
					"$(inherited)",
					"\"$(SRCROOT)/xiaoshuoyuedu/lib\"",
				);
				PRODUCT_NAME = "$(TARGET_NAME)";
				PROVISIONING_PROFILE = "";
				"PROVISIONING_PROFILE[sdk=iphoneos*]" = "";
				WRAPPER_EXTENSION = app;
			};
			name = Debug;
		};
		B4EF675F1774406500F54681 /* Release */ = {
			isa = XCBuildConfiguration;
			baseConfigurationReference = A965EBFEE1154A4E8219AEF0 /* Pods-xiaoshuoyuedu.xcconfig */;
			buildSettings = {
				CODE_SIGN_IDENTITY = "iPhone Developer";
				"CODE_SIGN_IDENTITY[sdk=iphoneos*]" = "iPhone Developer";
				FRAMEWORK_SEARCH_PATHS = (
					"$(inherited)",
					"\"$(SRCROOT)\"",
				);
				GCC_PRECOMPILE_PREFIX_HEADER = YES;
				GCC_PREFIX_HEADER = "xiaoshuoyuedu/xiaoshuoyuedu-Prefix.pch";
				HEADER_SEARCH_PATHS = "${HEADER_SEARCH_PATHS}";
				INFOPLIST_FILE = "xiaoshuoyuedu/xiaoshuoyuedu-Info.plist";
				IPHONEOS_DEPLOYMENT_TARGET = 6.0;
				LIBRARY_SEARCH_PATHS = (
					"$(inherited)",
					"\"$(SRCROOT)/xiaoshuoyuedu/lib\"",
				);
				PRODUCT_NAME = "$(TARGET_NAME)";
				PROVISIONING_PROFILE = "";
				"PROVISIONING_PROFILE[sdk=iphoneos*]" = "";
				WRAPPER_EXTENSION = app;
			};
			name = Release;
		};
		B4EF67611774406500F54681 /* Debug */ = {
			isa = XCBuildConfiguration;
			buildSettings = {
				BUNDLE_LOADER = "$(BUILT_PRODUCTS_DIR)/xiaoshuoyuedu.app/xiaoshuoyuedu";
				FRAMEWORK_SEARCH_PATHS = (
					"\"$(SDKROOT)/Developer/Library/Frameworks\"",
					"\"$(DEVELOPER_LIBRARY_DIR)/Frameworks\"",
				);
				GCC_PRECOMPILE_PREFIX_HEADER = YES;
				GCC_PREFIX_HEADER = "xiaoshuoyuedu/xiaoshuoyuedu-Prefix.pch";
				INFOPLIST_FILE = "xiaoshuoyueduTests/xiaoshuoyueduTests-Info.plist";
				PRODUCT_NAME = "$(TARGET_NAME)";
				TEST_HOST = "$(BUNDLE_LOADER)";
				WRAPPER_EXTENSION = octest;
			};
			name = Debug;
		};
		B4EF67621774406500F54681 /* Release */ = {
			isa = XCBuildConfiguration;
			buildSettings = {
				BUNDLE_LOADER = "$(BUILT_PRODUCTS_DIR)/xiaoshuoyuedu.app/xiaoshuoyuedu";
				FRAMEWORK_SEARCH_PATHS = (
					"\"$(SDKROOT)/Developer/Library/Frameworks\"",
					"\"$(DEVELOPER_LIBRARY_DIR)/Frameworks\"",
				);
				GCC_PRECOMPILE_PREFIX_HEADER = YES;
				GCC_PREFIX_HEADER = "xiaoshuoyuedu/xiaoshuoyuedu-Prefix.pch";
				INFOPLIST_FILE = "xiaoshuoyueduTests/xiaoshuoyueduTests-Info.plist";
				PRODUCT_NAME = "$(TARGET_NAME)";
				TEST_HOST = "$(BUNDLE_LOADER)";
				WRAPPER_EXTENSION = octest;
			};
			name = Release;
		};
/* End XCBuildConfiguration section */

/* Begin XCConfigurationList section */
		B4EF67261774406400F54681 /* Build configuration list for PBXProject "xiaoshuoyuedu" */ = {
			isa = XCConfigurationList;
			buildConfigurations = (
				B4EF675B1774406500F54681 /* Debug */,
				B4EF675C1774406500F54681 /* Release */,
				B43188771795585D007E84DF /* Ad-Hoc */,
			);
			defaultConfigurationIsVisible = 0;
			defaultConfigurationName = Release;
		};
		B4EF675D1774406500F54681 /* Build configuration list for PBXNativeTarget "xiaoshuoyuedu" */ = {
			isa = XCConfigurationList;
			buildConfigurations = (
				B4EF675E1774406500F54681 /* Debug */,
				B4EF675F1774406500F54681 /* Release */,
				B43188781795585D007E84DF /* Ad-Hoc */,
			);
			defaultConfigurationIsVisible = 0;
			defaultConfigurationName = Release;
		};
		B4EF67601774406500F54681 /* Build configuration list for PBXNativeTarget "xiaoshuoyueduTests" */ = {
			isa = XCConfigurationList;
			buildConfigurations = (
				B4EF67611774406500F54681 /* Debug */,
				B4EF67621774406500F54681 /* Release */,
				B43188791795585D007E84DF /* Ad-Hoc */,
			);
			defaultConfigurationIsVisible = 0;
			defaultConfigurationName = Release;
		};
/* End XCConfigurationList section */
	};
	rootObject = B4EF67231774406400F54681 /* Project object */;
}
